{
  "pins" : [
    {
      "identity" : "keychainaccess",
      "kind" : "remoteSourceControl",
      "location" : "https://github.com/kishikawakatsumi/KeychainAccess.git",
      "state" : {
        "revision" : "84e546727d66f1adc5439debad16270d0fdd04e7",
        "version" : "4.2.2"
      }
    },
    {
      "identity" : "supereasylayout",
      "kind" : "remoteSourceControl",
      "location" : "https://github.com/doil6317/SuperEasyLayout.git",
      "state" : {
        "revision" : "0d2a9111aa62e6f2b2a3bb70e526e5cf00e9f8f6",
        "version" : "0.3.0"
      }
    },
    {
      "identity" : "wsr",
      "kind" : "remoteSourceControl",
      "location" : "https://github.com/wilyamx/wsr",
      "state" : {
        "branch" : "develop",
        "revision" : "76bd857e9916498100e3effba6630d736b8b5108"
      }
    }
  ],
  "version" : 2
}
