// !$*UTF8*$!
{
	archiveVersion = 1;
	classes = {
	};
	objectVersion = 56;
	objects = {

/* Begin PBXBuildFile section */
		A270940D2C9A60F700CA42A6 /* FileManagerProperty.swift in Sources */ = {isa = PBXBuildFile; fileRef = A27094082C9A60F700CA42A6 /* FileManagerProperty.swift */; };
		A270940F2C9A60F700CA42A6 /* WSRUserDefault.swift in Sources */ = {isa = PBXBuildFile; fileRef = A270940B2C9A60F700CA42A6 /* WSRUserDefault.swift */; };
		A27094102C9A60F700CA42A6 /* FileManagerCodableProperty.swift in Sources */ = {isa = PBXBuildFile; fileRef = A270940C2C9A60F700CA42A6 /* FileManagerCodableProperty.swift */; };
		A27094122C9A615B00CA42A6 /* WSREUserDefaultCodableView.swift in Sources */ = {isa = PBXBuildFile; fileRef = A27094112C9A615B00CA42A6 /* WSREUserDefaultCodableView.swift */; };
		A27094142C9A621900CA42A6 /* WSREStorageViewModel.swift in Sources */ = {isa = PBXBuildFile; fileRef = A27094132C9A621900CA42A6 /* WSREStorageViewModel.swift */; };
		A27094182C9A93E100CA42A6 /* WSRECodableBindedView.swift in Sources */ = {isa = PBXBuildFile; fileRef = A27094172C9A93E100CA42A6 /* WSRECodableBindedView.swift */; };
		A270941A2C9AA6AC00CA42A6 /* WSREUserModel.swift in Sources */ = {isa = PBXBuildFile; fileRef = A27094192C9AA6AC00CA42A6 /* WSREUserModel.swift */; };
		A270941C2C9AACAE00CA42A6 /* WSREUserDefaultCodableView2.swift in Sources */ = {isa = PBXBuildFile; fileRef = A270941B2C9AACAE00CA42A6 /* WSREUserDefaultCodableView2.swift */; };
		A270941E2C9ABA0D00CA42A6 /* WSREUserDefaultView.swift in Sources */ = {isa = PBXBuildFile; fileRef = A270941D2C9ABA0D00CA42A6 /* WSREUserDefaultView.swift */; };
		A27094202C9ACC0300CA42A6 /* WSREBindedView.swift in Sources */ = {isa = PBXBuildFile; fileRef = A270941F2C9ACC0300CA42A6 /* WSREBindedView.swift */; };
		A27094222C9AD70100CA42A6 /* FileManagerCodableStreamableProperty.swift in Sources */ = {isa = PBXBuildFile; fileRef = A27094212C9AD70100CA42A6 /* FileManagerCodableStreamableProperty.swift */; };
		A27094242C9AD8FF00CA42A6 /* FileManagerCodableStreamableView.swift in Sources */ = {isa = PBXBuildFile; fileRef = A27094232C9AD8FF00CA42A6 /* FileManagerCodableStreamableView.swift */; };
		A27094262C9AE15200CA42A6 /* FileManagerCodableStreamableView2.swift in Sources */ = {isa = PBXBuildFile; fileRef = A27094252C9AE15200CA42A6 /* FileManagerCodableStreamableView2.swift */; };
		A270942A2C9AE24B00CA42A6 /* FileManagerCodableStreamableViewModel.swift in Sources */ = {isa = PBXBuildFile; fileRef = A27094292C9AE24B00CA42A6 /* FileManagerCodableStreamableViewModel.swift */; };
		A28FEB6B2CA3407A00844B87 /* WSREFeedsView.swift in Sources */ = {isa = PBXBuildFile; fileRef = A28FEB6A2CA3407A00844B87 /* WSREFeedsView.swift */; };
		A28FEB6D2CA3432B00844B87 /* WSRCommon in Frameworks */ = {isa = PBXBuildFile; productRef = A28FEB6C2CA3432B00844B87 /* WSRCommon */; };
		A28FEB6F2CA3433B00844B87 /* WSRStorage in Frameworks */ = {isa = PBXBuildFile; productRef = A28FEB6E2CA3433B00844B87 /* WSRStorage */; };
		A2C5AD2D2C9B6EAA00BC8707 /* UppercaseProperty.swift in Sources */ = {isa = PBXBuildFile; fileRef = A2C5AD2C2C9B6EAA00BC8707 /* UppercaseProperty.swift */; };
		A2C5AD2F2C9B6FB200BC8707 /* PropertyView.swift in Sources */ = {isa = PBXBuildFile; fileRef = A2C5AD2E2C9B6FB200BC8707 /* PropertyView.swift */; };
		A2C5AD322C9B7C3E00BC8707 /* PropertyViewModel.swift in Sources */ = {isa = PBXBuildFile; fileRef = A2C5AD312C9B7C3E00BC8707 /* PropertyViewModel.swift */; };
		A2C5AD342C9B7C7200BC8707 /* PropertyView2.swift in Sources */ = {isa = PBXBuildFile; fileRef = A2C5AD332C9B7C7200BC8707 /* PropertyView2.swift */; };
		A2C93E342C882A260091A1D1 /* WSRExampleApp.swift in Sources */ = {isa = PBXBuildFile; fileRef = A2C93E332C882A260091A1D1 /* WSRExampleApp.swift */; };
		A2C93E362C882A260091A1D1 /* ContentView.swift in Sources */ = {isa = PBXBuildFile; fileRef = A2C93E352C882A260091A1D1 /* ContentView.swift */; };
		A2C93E382C882A280091A1D1 /* Assets.xcassets in Resources */ = {isa = PBXBuildFile; fileRef = A2C93E372C882A280091A1D1 /* Assets.xcassets */; };
		A2C93E3B2C882A280091A1D1 /* Preview Assets.xcassets in Resources */ = {isa = PBXBuildFile; fileRef = A2C93E3A2C882A280091A1D1 /* Preview Assets.xcassets */; };
		A2C93E452C882A280091A1D1 /* WSRExampleTests.swift in Sources */ = {isa = PBXBuildFile; fileRef = A2C93E442C882A280091A1D1 /* WSRExampleTests.swift */; };
		A2C93E4F2C882A280091A1D1 /* WSRExampleUITests.swift in Sources */ = {isa = PBXBuildFile; fileRef = A2C93E4E2C882A280091A1D1 /* WSRExampleUITests.swift */; };
		A2C93E512C882A280091A1D1 /* WSRExampleUITestsLaunchTests.swift in Sources */ = {isa = PBXBuildFile; fileRef = A2C93E502C882A280091A1D1 /* WSRExampleUITestsLaunchTests.swift */; };
/* End PBXBuildFile section */

/* Begin PBXContainerItemProxy section */
		A2C93E412C882A280091A1D1 /* PBXContainerItemProxy */ = {
			isa = PBXContainerItemProxy;
			containerPortal = A2C93E282C882A250091A1D1 /* Project object */;
			proxyType = 1;
			remoteGlobalIDString = A2C93E2F2C882A260091A1D1;
			remoteInfo = WSRExample;
		};
		A2C93E4B2C882A280091A1D1 /* PBXContainerItemProxy */ = {
			isa = PBXContainerItemProxy;
			containerPortal = A2C93E282C882A250091A1D1 /* Project object */;
			proxyType = 1;
			remoteGlobalIDString = A2C93E2F2C882A260091A1D1;
			remoteInfo = WSRExample;
		};
/* End PBXContainerItemProxy section */

/* Begin PBXFileReference section */
		A27094082C9A60F700CA42A6 /* FileManagerProperty.swift */ = {isa = PBXFileReference; fileEncoding = 4; lastKnownFileType = sourcecode.swift; path = FileManagerProperty.swift; sourceTree = "<group>"; };
		A270940B2C9A60F700CA42A6 /* WSRUserDefault.swift */ = {isa = PBXFileReference; fileEncoding = 4; lastKnownFileType = sourcecode.swift; path = WSRUserDefault.swift; sourceTree = "<group>"; };
		A270940C2C9A60F700CA42A6 /* FileManagerCodableProperty.swift */ = {isa = PBXFileReference; fileEncoding = 4; lastKnownFileType = sourcecode.swift; path = FileManagerCodableProperty.swift; sourceTree = "<group>"; };
		A27094112C9A615B00CA42A6 /* WSREUserDefaultCodableView.swift */ = {isa = PBXFileReference; lastKnownFileType = sourcecode.swift; path = WSREUserDefaultCodableView.swift; sourceTree = "<group>"; };
		A27094132C9A621900CA42A6 /* WSREStorageViewModel.swift */ = {isa = PBXFileReference; lastKnownFileType = sourcecode.swift; path = WSREStorageViewModel.swift; sourceTree = "<group>"; };
		A27094172C9A93E100CA42A6 /* WSRECodableBindedView.swift */ = {isa = PBXFileReference; lastKnownFileType = sourcecode.swift; path = WSRECodableBindedView.swift; sourceTree = "<group>"; };
		A27094192C9AA6AC00CA42A6 /* WSREUserModel.swift */ = {isa = PBXFileReference; lastKnownFileType = sourcecode.swift; path = WSREUserModel.swift; sourceTree = "<group>"; };
		A270941B2C9AACAE00CA42A6 /* WSREUserDefaultCodableView2.swift */ = {isa = PBXFileReference; lastKnownFileType = sourcecode.swift; path = WSREUserDefaultCodableView2.swift; sourceTree = "<group>"; };
		A270941D2C9ABA0D00CA42A6 /* WSREUserDefaultView.swift */ = {isa = PBXFileReference; lastKnownFileType = sourcecode.swift; path = WSREUserDefaultView.swift; sourceTree = "<group>"; };
		A270941F2C9ACC0300CA42A6 /* WSREBindedView.swift */ = {isa = PBXFileReference; lastKnownFileType = sourcecode.swift; path = WSREBindedView.swift; sourceTree = "<group>"; };
		A27094212C9AD70100CA42A6 /* FileManagerCodableStreamableProperty.swift */ = {isa = PBXFileReference; lastKnownFileType = sourcecode.swift; path = FileManagerCodableStreamableProperty.swift; sourceTree = "<group>"; };
		A27094232C9AD8FF00CA42A6 /* FileManagerCodableStreamableView.swift */ = {isa = PBXFileReference; lastKnownFileType = sourcecode.swift; path = FileManagerCodableStreamableView.swift; sourceTree = "<group>"; };
		A27094252C9AE15200CA42A6 /* FileManagerCodableStreamableView2.swift */ = {isa = PBXFileReference; lastKnownFileType = sourcecode.swift; path = FileManagerCodableStreamableView2.swift; sourceTree = "<group>"; };
		A27094292C9AE24B00CA42A6 /* FileManagerCodableStreamableViewModel.swift */ = {isa = PBXFileReference; lastKnownFileType = sourcecode.swift; path = FileManagerCodableStreamableViewModel.swift; sourceTree = "<group>"; };
		A28FEB6A2CA3407A00844B87 /* WSREFeedsView.swift */ = {isa = PBXFileReference; lastKnownFileType = sourcecode.swift; path = WSREFeedsView.swift; sourceTree = "<group>"; };
		A2C5AD2C2C9B6EAA00BC8707 /* UppercaseProperty.swift */ = {isa = PBXFileReference; lastKnownFileType = sourcecode.swift; path = UppercaseProperty.swift; sourceTree = "<group>"; };
		A2C5AD2E2C9B6FB200BC8707 /* PropertyView.swift */ = {isa = PBXFileReference; lastKnownFileType = sourcecode.swift; path = PropertyView.swift; sourceTree = "<group>"; };
		A2C5AD312C9B7C3E00BC8707 /* PropertyViewModel.swift */ = {isa = PBXFileReference; lastKnownFileType = sourcecode.swift; path = PropertyViewModel.swift; sourceTree = "<group>"; };
		A2C5AD332C9B7C7200BC8707 /* PropertyView2.swift */ = {isa = PBXFileReference; lastKnownFileType = sourcecode.swift; path = PropertyView2.swift; sourceTree = "<group>"; };
		A2C93E302C882A260091A1D1 /* WSRExample.app */ = {isa = PBXFileReference; explicitFileType = wrapper.application; includeInIndex = 0; path = WSRExample.app; sourceTree = BUILT_PRODUCTS_DIR; };
		A2C93E332C882A260091A1D1 /* WSRExampleApp.swift */ = {isa = PBXFileReference; lastKnownFileType = sourcecode.swift; path = WSRExampleApp.swift; sourceTree = "<group>"; };
		A2C93E352C882A260091A1D1 /* ContentView.swift */ = {isa = PBXFileReference; lastKnownFileType = sourcecode.swift; path = ContentView.swift; sourceTree = "<group>"; };
		A2C93E372C882A280091A1D1 /* Assets.xcassets */ = {isa = PBXFileReference; lastKnownFileType = folder.assetcatalog; path = Assets.xcassets; sourceTree = "<group>"; };
		A2C93E3A2C882A280091A1D1 /* Preview Assets.xcassets */ = {isa = PBXFileReference; lastKnownFileType = folder.assetcatalog; path = "Preview Assets.xcassets"; sourceTree = "<group>"; };
		A2C93E402C882A280091A1D1 /* WSRExampleTests.xctest */ = {isa = PBXFileReference; explicitFileType = wrapper.cfbundle; includeInIndex = 0; path = WSRExampleTests.xctest; sourceTree = BUILT_PRODUCTS_DIR; };
		A2C93E442C882A280091A1D1 /* WSRExampleTests.swift */ = {isa = PBXFileReference; lastKnownFileType = sourcecode.swift; path = WSRExampleTests.swift; sourceTree = "<group>"; };
		A2C93E4A2C882A280091A1D1 /* WSRExampleUITests.xctest */ = {isa = PBXFileReference; explicitFileType = wrapper.cfbundle; includeInIndex = 0; path = WSRExampleUITests.xctest; sourceTree = BUILT_PRODUCTS_DIR; };
		A2C93E4E2C882A280091A1D1 /* WSRExampleUITests.swift */ = {isa = PBXFileReference; lastKnownFileType = sourcecode.swift; path = WSRExampleUITests.swift; sourceTree = "<group>"; };
		A2C93E502C882A280091A1D1 /* WSRExampleUITestsLaunchTests.swift */ = {isa = PBXFileReference; lastKnownFileType = sourcecode.swift; path = WSRExampleUITestsLaunchTests.swift; sourceTree = "<group>"; };
/* End PBXFileReference section */

/* Begin PBXFrameworksBuildPhase section */
		A2C93E2D2C882A260091A1D1 /* Frameworks */ = {
			isa = PBXFrameworksBuildPhase;
			buildActionMask = 2147483647;
			files = (
				A28FEB6D2CA3432B00844B87 /* WSRCommon in Frameworks */,
				A28FEB6F2CA3433B00844B87 /* WSRStorage in Frameworks */,
			);
			runOnlyForDeploymentPostprocessing = 0;
		};
		A2C93E3D2C882A280091A1D1 /* Frameworks */ = {
			isa = PBXFrameworksBuildPhase;
			buildActionMask = 2147483647;
			files = (
			);
			runOnlyForDeploymentPostprocessing = 0;
		};
		A2C93E472C882A280091A1D1 /* Frameworks */ = {
			isa = PBXFrameworksBuildPhase;
			buildActionMask = 2147483647;
			files = (
			);
			runOnlyForDeploymentPostprocessing = 0;
		};
/* End PBXFrameworksBuildPhase section */

/* Begin PBXGroup section */
		A27094022C9A5DC300CA42A6 /* Resources */ = {
			isa = PBXGroup;
			children = (
				A2C93E372C882A280091A1D1 /* Assets.xcassets */,
			);
			path = Resources;
			sourceTree = "<group>";
		};
		A27094032C9A5E0000CA42A6 /* Source */ = {
			isa = PBXGroup;
			children = (
				A27094042C9A5E1100CA42A6 /* Common */,
				A27094052C9A5E1C00CA42A6 /* Components */,
				A27094062C9A5E2A00CA42A6 /* Views */,
			);
			path = Source;
			sourceTree = "<group>";
		};
		A27094042C9A5E1100CA42A6 /* Common */ = {
			isa = PBXGroup;
			children = (
				A27094192C9AA6AC00CA42A6 /* WSREUserModel.swift */,
			);
			path = Common;
			sourceTree = "<group>";
		};
		A27094052C9A5E1C00CA42A6 /* Components */ = {
			isa = PBXGroup;
			children = (
			);
			path = Components;
			sourceTree = "<group>";
		};
		A27094062C9A5E2A00CA42A6 /* Views */ = {
			isa = PBXGroup;
			children = (
				A2A41CEF2CA157C100725DFB /* Networking */,
				A27094072C9A5E6800CA42A6 /* Storage */,
			);
			path = Views;
			sourceTree = "<group>";
		};
		A27094072C9A5E6800CA42A6 /* Storage */ = {
			isa = PBXGroup;
			children = (
				A2C5AD302C9B7C1900BC8707 /* PropertyView */,
				A27094282C9AE1D200CA42A6 /* WSREUserDefaultCodableView */,
				A27094272C9AE1C000CA42A6 /* FileManagerCodableStreamableView */,
				A270941D2C9ABA0D00CA42A6 /* WSREUserDefaultView.swift */,
				A270940B2C9A60F700CA42A6 /* WSRUserDefault.swift */,
				A270940C2C9A60F700CA42A6 /* FileManagerCodableProperty.swift */,
				A27094082C9A60F700CA42A6 /* FileManagerProperty.swift */,
				A27094092C9A60F700CA42A6 /* Subviews */,
			);
			path = Storage;
			sourceTree = "<group>";
		};
		A27094092C9A60F700CA42A6 /* Subviews */ = {
			isa = PBXGroup;
			children = (
				A270941F2C9ACC0300CA42A6 /* WSREBindedView.swift */,
				A27094172C9A93E100CA42A6 /* WSRECodableBindedView.swift */,
			);
			path = Subviews;
			sourceTree = "<group>";
		};
		A27094272C9AE1C000CA42A6 /* FileManagerCodableStreamableView */ = {
			isa = PBXGroup;
			children = (
				A27094232C9AD8FF00CA42A6 /* FileManagerCodableStreamableView.swift */,
				A27094252C9AE15200CA42A6 /* FileManagerCodableStreamableView2.swift */,
				A27094212C9AD70100CA42A6 /* FileManagerCodableStreamableProperty.swift */,
				A27094292C9AE24B00CA42A6 /* FileManagerCodableStreamableViewModel.swift */,
			);
			path = FileManagerCodableStreamableView;
			sourceTree = "<group>";
		};
		A27094282C9AE1D200CA42A6 /* WSREUserDefaultCodableView */ = {
			isa = PBXGroup;
			children = (
				A27094112C9A615B00CA42A6 /* WSREUserDefaultCodableView.swift */,
				A270941B2C9AACAE00CA42A6 /* WSREUserDefaultCodableView2.swift */,
				A27094132C9A621900CA42A6 /* WSREStorageViewModel.swift */,
			);
			path = WSREUserDefaultCodableView;
			sourceTree = "<group>";
		};
		A2A41CEF2CA157C100725DFB /* Networking */ = {
			isa = PBXGroup;
			children = (
				A28FEB6A2CA3407A00844B87 /* WSREFeedsView.swift */,
			);
			path = Networking;
			sourceTree = "<group>";
		};
		A2C5AD302C9B7C1900BC8707 /* PropertyView */ = {
			isa = PBXGroup;
			children = (
				A2C5AD2E2C9B6FB200BC8707 /* PropertyView.swift */,
				A2C5AD332C9B7C7200BC8707 /* PropertyView2.swift */,
				A2C5AD2C2C9B6EAA00BC8707 /* UppercaseProperty.swift */,
				A2C5AD312C9B7C3E00BC8707 /* PropertyViewModel.swift */,
			);
			path = PropertyView;
			sourceTree = "<group>";
		};
		A2C93E272C882A250091A1D1 = {
			isa = PBXGroup;
			children = (
				A2C93E322C882A260091A1D1 /* WSRExample */,
				A2C93E432C882A280091A1D1 /* WSRExampleTests */,
				A2C93E4D2C882A280091A1D1 /* WSRExampleUITests */,
				A2C93E312C882A260091A1D1 /* Products */,
			);
			sourceTree = "<group>";
		};
		A2C93E312C882A260091A1D1 /* Products */ = {
			isa = PBXGroup;
			children = (
				A2C93E302C882A260091A1D1 /* WSRExample.app */,
				A2C93E402C882A280091A1D1 /* WSRExampleTests.xctest */,
				A2C93E4A2C882A280091A1D1 /* WSRExampleUITests.xctest */,
			);
			name = Products;
			sourceTree = "<group>";
		};
		A2C93E322C882A260091A1D1 /* WSRExample */ = {
			isa = PBXGroup;
			children = (
				A27094022C9A5DC300CA42A6 /* Resources */,
				A27094032C9A5E0000CA42A6 /* Source */,
				A2C93E332C882A260091A1D1 /* WSRExampleApp.swift */,
				A2C93E352C882A260091A1D1 /* ContentView.swift */,
				A2C93E392C882A280091A1D1 /* Preview Content */,
			);
			path = WSRExample;
			sourceTree = "<group>";
		};
		A2C93E392C882A280091A1D1 /* Preview Content */ = {
			isa = PBXGroup;
			children = (
				A2C93E3A2C882A280091A1D1 /* Preview Assets.xcassets */,
			);
			path = "Preview Content";
			sourceTree = "<group>";
		};
		A2C93E432C882A280091A1D1 /* WSRExampleTests */ = {
			isa = PBXGroup;
			children = (
				A2C93E442C882A280091A1D1 /* WSRExampleTests.swift */,
			);
			path = WSRExampleTests;
			sourceTree = "<group>";
		};
		A2C93E4D2C882A280091A1D1 /* WSRExampleUITests */ = {
			isa = PBXGroup;
			children = (
				A2C93E4E2C882A280091A1D1 /* WSRExampleUITests.swift */,
				A2C93E502C882A280091A1D1 /* WSRExampleUITestsLaunchTests.swift */,
			);
			path = WSRExampleUITests;
			sourceTree = "<group>";
		};
/* End PBXGroup section */

/* Begin PBXNativeTarget section */
		A2C93E2F2C882A260091A1D1 /* WSRExample */ = {
			isa = PBXNativeTarget;
			buildConfigurationList = A2C93E542C882A280091A1D1 /* Build configuration list for PBXNativeTarget "WSRExample" */;
			buildPhases = (
				A2C93E2C2C882A260091A1D1 /* Sources */,
				A2C93E2D2C882A260091A1D1 /* Frameworks */,
				A2C93E2E2C882A260091A1D1 /* Resources */,
			);
			buildRules = (
			);
			dependencies = (
			);
			name = WSRExample;
			packageProductDependencies = (
				A28FEB6C2CA3432B00844B87 /* WSRCommon */,
				A28FEB6E2CA3433B00844B87 /* WSRStorage */,
			);
			productName = WSRExample;
			productReference = A2C93E302C882A260091A1D1 /* WSRExample.app */;
			productType = "com.apple.product-type.application";
		};
		A2C93E3F2C882A280091A1D1 /* WSRExampleTests */ = {
			isa = PBXNativeTarget;
			buildConfigurationList = A2C93E572C882A280091A1D1 /* Build configuration list for PBXNativeTarget "WSRExampleTests" */;
			buildPhases = (
				A2C93E3C2C882A280091A1D1 /* Sources */,
				A2C93E3D2C882A280091A1D1 /* Frameworks */,
				A2C93E3E2C882A280091A1D1 /* Resources */,
			);
			buildRules = (
			);
			dependencies = (
				A2C93E422C882A280091A1D1 /* PBXTargetDependency */,
			);
			name = WSRExampleTests;
			productName = WSRExampleTests;
			productReference = A2C93E402C882A280091A1D1 /* WSRExampleTests.xctest */;
			productType = "com.apple.product-type.bundle.unit-test";
		};
		A2C93E492C882A280091A1D1 /* WSRExampleUITests */ = {
			isa = PBXNativeTarget;
			buildConfigurationList = A2C93E5A2C882A280091A1D1 /* Build configuration list for PBXNativeTarget "WSRExampleUITests" */;
			buildPhases = (
				A2C93E462C882A280091A1D1 /* Sources */,
				A2C93E472C882A280091A1D1 /* Frameworks */,
				A2C93E482C882A280091A1D1 /* Resources */,
			);
			buildRules = (
			);
			dependencies = (
				A2C93E4C2C882A280091A1D1 /* PBXTargetDependency */,
			);
			name = WSRExampleUITests;
			productName = WSRExampleUITests;
			productReference = A2C93E4A2C882A280091A1D1 /* WSRExampleUITests.xctest */;
			productType = "com.apple.product-type.bundle.ui-testing";
		};
/* End PBXNativeTarget section */

/* Begin PBXProject section */
		A2C93E282C882A250091A1D1 /* Project object */ = {
			isa = PBXProject;
			attributes = {
				BuildIndependentTargetsInParallel = 1;
				LastSwiftUpdateCheck = 1520;
				LastUpgradeCheck = 1520;
				TargetAttributes = {
					A2C93E2F2C882A260091A1D1 = {
						CreatedOnToolsVersion = 15.2;
					};
					A2C93E3F2C882A280091A1D1 = {
						CreatedOnToolsVersion = 15.2;
						TestTargetID = A2C93E2F2C882A260091A1D1;
					};
					A2C93E492C882A280091A1D1 = {
						CreatedOnToolsVersion = 15.2;
						TestTargetID = A2C93E2F2C882A260091A1D1;
					};
				};
			};
			buildConfigurationList = A2C93E2B2C882A250091A1D1 /* Build configuration list for PBXProject "WSRExample" */;
			compatibilityVersion = "Xcode 14.0";
			developmentRegion = en;
			hasScannedForEncodings = 0;
			knownRegions = (
				en,
				Base,
			);
			mainGroup = A2C93E272C882A250091A1D1;
			packageReferences = (
				A27093FB2C9A5D0500CA42A6 /* XCRemoteSwiftPackageReference "wsr" */,
			);
			productRefGroup = A2C93E312C882A260091A1D1 /* Products */;
			projectDirPath = "";
			projectRoot = "";
			targets = (
				A2C93E2F2C882A260091A1D1 /* WSRExample */,
				A2C93E3F2C882A280091A1D1 /* WSRExampleTests */,
				A2C93E492C882A280091A1D1 /* WSRExampleUITests */,
			);
		};
/* End PBXProject section */

/* Begin PBXResourcesBuildPhase section */
		A2C93E2E2C882A260091A1D1 /* Resources */ = {
			isa = PBXResourcesBuildPhase;
			buildActionMask = 2147483647;
			files = (
				A2C93E3B2C882A280091A1D1 /* Preview Assets.xcassets in Resources */,
				A2C93E382C882A280091A1D1 /* Assets.xcassets in Resources */,
			);
			runOnlyForDeploymentPostprocessing = 0;
		};
		A2C93E3E2C882A280091A1D1 /* Resources */ = {
			isa = PBXResourcesBuildPhase;
			buildActionMask = 2147483647;
			files = (
			);
			runOnlyForDeploymentPostprocessing = 0;
		};
		A2C93E482C882A280091A1D1 /* Resources */ = {
			isa = PBXResourcesBuildPhase;
			buildActionMask = 2147483647;
			files = (
			);
			runOnlyForDeploymentPostprocessing = 0;
		};
/* End PBXResourcesBuildPhase section */

/* Begin PBXSourcesBuildPhase section */
		A2C93E2C2C882A260091A1D1 /* Sources */ = {
			isa = PBXSourcesBuildPhase;
			buildActionMask = 2147483647;
			files = (
				A270941E2C9ABA0D00CA42A6 /* WSREUserDefaultView.swift in Sources */,
				A27094202C9ACC0300CA42A6 /* WSREBindedView.swift in Sources */,
				A270941C2C9AACAE00CA42A6 /* WSREUserDefaultCodableView2.swift in Sources */,
				A2C5AD2F2C9B6FB200BC8707 /* PropertyView.swift in Sources */,
				A27094222C9AD70100CA42A6 /* FileManagerCodableStreamableProperty.swift in Sources */,
				A2C5AD2D2C9B6EAA00BC8707 /* UppercaseProperty.swift in Sources */,
				A270940D2C9A60F700CA42A6 /* FileManagerProperty.swift in Sources */,
				A2C93E362C882A260091A1D1 /* ContentView.swift in Sources */,
				A27094182C9A93E100CA42A6 /* WSRECodableBindedView.swift in Sources */,
				A270942A2C9AE24B00CA42A6 /* FileManagerCodableStreamableViewModel.swift in Sources */,
				A270941A2C9AA6AC00CA42A6 /* WSREUserModel.swift in Sources */,
				A27094262C9AE15200CA42A6 /* FileManagerCodableStreamableView2.swift in Sources */,
				A2C5AD342C9B7C7200BC8707 /* PropertyView2.swift in Sources */,
				A27094142C9A621900CA42A6 /* WSREStorageViewModel.swift in Sources */,
				A2C5AD322C9B7C3E00BC8707 /* PropertyViewModel.swift in Sources */,
				A2C93E342C882A260091A1D1 /* WSRExampleApp.swift in Sources */,
				A28FEB6B2CA3407A00844B87 /* WSREFeedsView.swift in Sources */,
				A27094122C9A615B00CA42A6 /* WSREUserDefaultCodableView.swift in Sources */,
				A27094242C9AD8FF00CA42A6 /* FileManagerCodableStreamableView.swift in Sources */,
				A27094102C9A60F700CA42A6 /* FileManagerCodableProperty.swift in Sources */,
				A270940F2C9A60F700CA42A6 /* WSRUserDefault.swift in Sources */,
			);
			runOnlyForDeploymentPostprocessing = 0;
		};
		A2C93E3C2C882A280091A1D1 /* Sources */ = {
			isa = PBXSourcesBuildPhase;
			buildActionMask = 2147483647;
			files = (
				A2C93E452C882A280091A1D1 /* WSRExampleTests.swift in Sources */,
			);
			runOnlyForDeploymentPostprocessing = 0;
		};
		A2C93E462C882A280091A1D1 /* Sources */ = {
			isa = PBXSourcesBuildPhase;
			buildActionMask = 2147483647;
			files = (
				A2C93E512C882A280091A1D1 /* WSRExampleUITestsLaunchTests.swift in Sources */,
				A2C93E4F2C882A280091A1D1 /* WSRExampleUITests.swift in Sources */,
			);
			runOnlyForDeploymentPostprocessing = 0;
		};
/* End PBXSourcesBuildPhase section */

/* Begin PBXTargetDependency section */
		A2C93E422C882A280091A1D1 /* PBXTargetDependency */ = {
			isa = PBXTargetDependency;
			target = A2C93E2F2C882A260091A1D1 /* WSRExample */;
			targetProxy = A2C93E412C882A280091A1D1 /* PBXContainerItemProxy */;
		};
		A2C93E4C2C882A280091A1D1 /* PBXTargetDependency */ = {
			isa = PBXTargetDependency;
			target = A2C93E2F2C882A260091A1D1 /* WSRExample */;
			targetProxy = A2C93E4B2C882A280091A1D1 /* PBXContainerItemProxy */;
		};
/* End PBXTargetDependency section */

/* Begin XCBuildConfiguration section */
		A2C93E522C882A280091A1D1 /* Debug */ = {
			isa = XCBuildConfiguration;
			buildSettings = {
				ALWAYS_SEARCH_USER_PATHS = NO;
				ASSETCATALOG_COMPILER_GENERATE_SWIFT_ASSET_SYMBOL_EXTENSIONS = YES;
				CLANG_ANALYZER_NONNULL = YES;
				CLANG_ANALYZER_NUMBER_OBJECT_CONVERSION = YES_AGGRESSIVE;
				CLANG_CXX_LANGUAGE_STANDARD = "gnu++20";
				CLANG_ENABLE_MODULES = YES;
				CLANG_ENABLE_OBJC_ARC = YES;
				CLANG_ENABLE_OBJC_WEAK = YES;
				CLANG_WARN_BLOCK_CAPTURE_AUTORELEASING = YES;
				CLANG_WARN_BOOL_CONVERSION = YES;
				CLANG_WARN_COMMA = YES;
				CLANG_WARN_CONSTANT_CONVERSION = YES;
				CLANG_WARN_DEPRECATED_OBJC_IMPLEMENTATIONS = YES;
				CLANG_WARN_DIRECT_OBJC_ISA_USAGE = YES_ERROR;
				CLANG_WARN_DOCUMENTATION_COMMENTS = YES;
				CLANG_WARN_EMPTY_BODY = YES;
				CLANG_WARN_ENUM_CONVERSION = YES;
				CLANG_WARN_INFINITE_RECURSION = YES;
				CLANG_WARN_INT_CONVERSION = YES;
				CLANG_WARN_NON_LITERAL_NULL_CONVERSION = YES;
				CLANG_WARN_OBJC_IMPLICIT_RETAIN_SELF = YES;
				CLANG_WARN_OBJC_LITERAL_CONVERSION = YES;
				CLANG_WARN_OBJC_ROOT_CLASS = YES_ERROR;
				CLANG_WARN_QUOTED_INCLUDE_IN_FRAMEWORK_HEADER = YES;
				CLANG_WARN_RANGE_LOOP_ANALYSIS = YES;
				CLANG_WARN_STRICT_PROTOTYPES = YES;
				CLANG_WARN_SUSPICIOUS_MOVE = YES;
				CLANG_WARN_UNGUARDED_AVAILABILITY = YES_AGGRESSIVE;
				CLANG_WARN_UNREACHABLE_CODE = YES;
				CLANG_WARN__DUPLICATE_METHOD_MATCH = YES;
				COPY_PHASE_STRIP = NO;
				DEBUG_INFORMATION_FORMAT = dwarf;
				ENABLE_STRICT_OBJC_MSGSEND = YES;
				ENABLE_TESTABILITY = YES;
				ENABLE_USER_SCRIPT_SANDBOXING = YES;
				GCC_C_LANGUAGE_STANDARD = gnu17;
				GCC_DYNAMIC_NO_PIC = NO;
				GCC_NO_COMMON_BLOCKS = YES;
				GCC_OPTIMIZATION_LEVEL = 0;
				GCC_PREPROCESSOR_DEFINITIONS = (
					"DEBUG=1",
					"$(inherited)",
				);
				GCC_WARN_64_TO_32_BIT_CONVERSION = YES;
				GCC_WARN_ABOUT_RETURN_TYPE = YES_ERROR;
				GCC_WARN_UNDECLARED_SELECTOR = YES;
				GCC_WARN_UNINITIALIZED_AUTOS = YES_AGGRESSIVE;
				GCC_WARN_UNUSED_FUNCTION = YES;
				GCC_WARN_UNUSED_VARIABLE = YES;
				IPHONEOS_DEPLOYMENT_TARGET = 17.2;
				LOCALIZATION_PREFERS_STRING_CATALOGS = YES;
				MTL_ENABLE_DEBUG_INFO = INCLUDE_SOURCE;
				MTL_FAST_MATH = YES;
				ONLY_ACTIVE_ARCH = YES;
				SDKROOT = iphoneos;
				SWIFT_ACTIVE_COMPILATION_CONDITIONS = "DEBUG $(inherited)";
				SWIFT_OPTIMIZATION_LEVEL = "-Onone";
			};
			name = Debug;
		};
		A2C93E532C882A280091A1D1 /* Release */ = {
			isa = XCBuildConfiguration;
			buildSettings = {
				ALWAYS_SEARCH_USER_PATHS = NO;
				ASSETCATALOG_COMPILER_GENERATE_SWIFT_ASSET_SYMBOL_EXTENSIONS = YES;
				CLANG_ANALYZER_NONNULL = YES;
				CLANG_ANALYZER_NUMBER_OBJECT_CONVERSION = YES_AGGRESSIVE;
				CLANG_CXX_LANGUAGE_STANDARD = "gnu++20";
				CLANG_ENABLE_MODULES = YES;
				CLANG_ENABLE_OBJC_ARC = YES;
				CLANG_ENABLE_OBJC_WEAK = YES;
				CLANG_WARN_BLOCK_CAPTURE_AUTORELEASING = YES;
				CLANG_WARN_BOOL_CONVERSION = YES;
				CLANG_WARN_COMMA = YES;
				CLANG_WARN_CONSTANT_CONVERSION = YES;
				CLANG_WARN_DEPRECATED_OBJC_IMPLEMENTATIONS = YES;
				CLANG_WARN_DIRECT_OBJC_ISA_USAGE = YES_ERROR;
				CLANG_WARN_DOCUMENTATION_COMMENTS = YES;
				CLANG_WARN_EMPTY_BODY = YES;
				CLANG_WARN_ENUM_CONVERSION = YES;
				CLANG_WARN_INFINITE_RECURSION = YES;
				CLANG_WARN_INT_CONVERSION = YES;
				CLANG_WARN_NON_LITERAL_NULL_CONVERSION = YES;
				CLANG_WARN_OBJC_IMPLICIT_RETAIN_SELF = YES;
				CLANG_WARN_OBJC_LITERAL_CONVERSION = YES;
				CLANG_WARN_OBJC_ROOT_CLASS = YES_ERROR;
				CLANG_WARN_QUOTED_INCLUDE_IN_FRAMEWORK_HEADER = YES;
				CLANG_WARN_RANGE_LOOP_ANALYSIS = YES;
				CLANG_WARN_STRICT_PROTOTYPES = YES;
				CLANG_WARN_SUSPICIOUS_MOVE = YES;
				CLANG_WARN_UNGUARDED_AVAILABILITY = YES_AGGRESSIVE;
				CLANG_WARN_UNREACHABLE_CODE = YES;
				CLANG_WARN__DUPLICATE_METHOD_MATCH = YES;
				COPY_PHASE_STRIP = NO;
				DEBUG_INFORMATION_FORMAT = "dwarf-with-dsym";
				ENABLE_NS_ASSERTIONS = NO;
				ENABLE_STRICT_OBJC_MSGSEND = YES;
				ENABLE_USER_SCRIPT_SANDBOXING = YES;
				GCC_C_LANGUAGE_STANDARD = gnu17;
				GCC_NO_COMMON_BLOCKS = YES;
				GCC_WARN_64_TO_32_BIT_CONVERSION = YES;
				GCC_WARN_ABOUT_RETURN_TYPE = YES_ERROR;
				GCC_WARN_UNDECLARED_SELECTOR = YES;
				GCC_WARN_UNINITIALIZED_AUTOS = YES_AGGRESSIVE;
				GCC_WARN_UNUSED_FUNCTION = YES;
				GCC_WARN_UNUSED_VARIABLE = YES;
				IPHONEOS_DEPLOYMENT_TARGET = 17.2;
				LOCALIZATION_PREFERS_STRING_CATALOGS = YES;
				MTL_ENABLE_DEBUG_INFO = NO;
				MTL_FAST_MATH = YES;
				SDKROOT = iphoneos;
				SWIFT_COMPILATION_MODE = wholemodule;
				VALIDATE_PRODUCT = YES;
			};
			name = Release;
		};
		A2C93E552C882A280091A1D1 /* Debug */ = {
			isa = XCBuildConfiguration;
			buildSettings = {
				ASSETCATALOG_COMPILER_APPICON_NAME = AppIcon;
				ASSETCATALOG_COMPILER_GLOBAL_ACCENT_COLOR_NAME = AccentColor;
				CODE_SIGN_STYLE = Automatic;
				CURRENT_PROJECT_VERSION = 1;
				DEVELOPMENT_ASSET_PATHS = "\"WSRExample/Preview Content\"";
				ENABLE_PREVIEWS = YES;
				GENERATE_INFOPLIST_FILE = YES;
				INFOPLIST_KEY_CFBundleDisplayName = "WSRE (SwiftUI)";
				INFOPLIST_KEY_UIApplicationSceneManifest_Generation = YES;
				INFOPLIST_KEY_UIApplicationSupportsIndirectInputEvents = YES;
				INFOPLIST_KEY_UILaunchScreen_Generation = YES;
				INFOPLIST_KEY_UISupportedInterfaceOrientations_iPad = "UIInterfaceOrientationPortrait UIInterfaceOrientationPortraitUpsideDown UIInterfaceOrientationLandscapeLeft UIInterfaceOrientationLandscapeRight";
				INFOPLIST_KEY_UISupportedInterfaceOrientations_iPhone = "UIInterfaceOrientationPortrait UIInterfaceOrientationLandscapeLeft UIInterfaceOrientationLandscapeRight";
				LD_RUNPATH_SEARCH_PATHS = (
					"$(inherited)",
					"@executable_path/Frameworks",
				);
				MARKETING_VERSION = 1.0;
				PRODUCT_BUNDLE_IDENTIFIER = com.wsr.WSRSwiftUI;
				PRODUCT_NAME = "$(TARGET_NAME)";
				SWIFT_EMIT_LOC_STRINGS = YES;
				SWIFT_VERSION = 5.0;
				TARGETED_DEVICE_FAMILY = "1,2";
			};
			name = Debug;
		};
		A2C93E562C882A280091A1D1 /* Release */ = {
			isa = XCBuildConfiguration;
			buildSettings = {
				ASSETCATALOG_COMPILER_APPICON_NAME = AppIcon;
				ASSETCATALOG_COMPILER_GLOBAL_ACCENT_COLOR_NAME = AccentColor;
				CODE_SIGN_STYLE = Automatic;
				CURRENT_PROJECT_VERSION = 1;
				DEVELOPMENT_ASSET_PATHS = "\"WSRExample/Preview Content\"";
				ENABLE_PREVIEWS = YES;
				GENERATE_INFOPLIST_FILE = YES;
				INFOPLIST_KEY_CFBundleDisplayName = "WSRE (SwiftUI)";
				INFOPLIST_KEY_UIApplicationSceneManifest_Generation = YES;
				INFOPLIST_KEY_UIApplicationSupportsIndirectInputEvents = YES;
				INFOPLIST_KEY_UILaunchScreen_Generation = YES;
				INFOPLIST_KEY_UISupportedInterfaceOrientations_iPad = "UIInterfaceOrientationPortrait UIInterfaceOrientationPortraitUpsideDown UIInterfaceOrientationLandscapeLeft UIInterfaceOrientationLandscapeRight";
				INFOPLIST_KEY_UISupportedInterfaceOrientations_iPhone = "UIInterfaceOrientationPortrait UIInterfaceOrientationLandscapeLeft UIInterfaceOrientationLandscapeRight";
				LD_RUNPATH_SEARCH_PATHS = (
					"$(inherited)",
					"@executable_path/Frameworks",
				);
				MARKETING_VERSION = 1.0;
				PRODUCT_BUNDLE_IDENTIFIER = com.wsr.WSRSwiftUI;
				PRODUCT_NAME = "$(TARGET_NAME)";
				SWIFT_EMIT_LOC_STRINGS = YES;
				SWIFT_VERSION = 5.0;
				TARGETED_DEVICE_FAMILY = "1,2";
			};
			name = Release;
		};
		A2C93E582C882A280091A1D1 /* Debug */ = {
			isa = XCBuildConfiguration;
			buildSettings = {
				ALWAYS_EMBED_SWIFT_STANDARD_LIBRARIES = YES;
				BUNDLE_LOADER = "$(TEST_HOST)";
				CODE_SIGN_STYLE = Automatic;
				CURRENT_PROJECT_VERSION = 1;
				GENERATE_INFOPLIST_FILE = YES;
				IPHONEOS_DEPLOYMENT_TARGET = 17.2;
				MARKETING_VERSION = 1.0;
				PRODUCT_BUNDLE_IDENTIFIER = com.wsr.WSRExampleTests;
				PRODUCT_NAME = "$(TARGET_NAME)";
				SWIFT_EMIT_LOC_STRINGS = NO;
				SWIFT_VERSION = 5.0;
				TARGETED_DEVICE_FAMILY = "1,2";
				TEST_HOST = "$(BUILT_PRODUCTS_DIR)/WSRExample.app/$(BUNDLE_EXECUTABLE_FOLDER_PATH)/WSRExample";
			};
			name = Debug;
		};
		A2C93E592C882A280091A1D1 /* Release */ = {
			isa = XCBuildConfiguration;
			buildSettings = {
				ALWAYS_EMBED_SWIFT_STANDARD_LIBRARIES = YES;
				BUNDLE_LOADER = "$(TEST_HOST)";
				CODE_SIGN_STYLE = Automatic;
				CURRENT_PROJECT_VERSION = 1;
				GENERATE_INFOPLIST_FILE = YES;
				IPHONEOS_DEPLOYMENT_TARGET = 17.2;
				MARKETING_VERSION = 1.0;
				PRODUCT_BUNDLE_IDENTIFIER = com.wsr.WSRExampleTests;
				PRODUCT_NAME = "$(TARGET_NAME)";
				SWIFT_EMIT_LOC_STRINGS = NO;
				SWIFT_VERSION = 5.0;
				TARGETED_DEVICE_FAMILY = "1,2";
				TEST_HOST = "$(BUILT_PRODUCTS_DIR)/WSRExample.app/$(BUNDLE_EXECUTABLE_FOLDER_PATH)/WSRExample";
			};
			name = Release;
		};
		A2C93E5B2C882A280091A1D1 /* Debug */ = {
			isa = XCBuildConfiguration;
			buildSettings = {
				ALWAYS_EMBED_SWIFT_STANDARD_LIBRARIES = YES;
				CODE_SIGN_STYLE = Automatic;
				CURRENT_PROJECT_VERSION = 1;
				GENERATE_INFOPLIST_FILE = YES;
				MARKETING_VERSION = 1.0;
				PRODUCT_BUNDLE_IDENTIFIER = com.wsr.WSRExampleUITests;
				PRODUCT_NAME = "$(TARGET_NAME)";
				SWIFT_EMIT_LOC_STRINGS = NO;
				SWIFT_VERSION = 5.0;
				TARGETED_DEVICE_FAMILY = "1,2";
				TEST_TARGET_NAME = WSRExample;
			};
			name = Debug;
		};
		A2C93E5C2C882A280091A1D1 /* Release */ = {
			isa = XCBuildConfiguration;
			buildSettings = {
				ALWAYS_EMBED_SWIFT_STANDARD_LIBRARIES = YES;
				CODE_SIGN_STYLE = Automatic;
				CURRENT_PROJECT_VERSION = 1;
				GENERATE_INFOPLIST_FILE = YES;
				MARKETING_VERSION = 1.0;
				PRODUCT_BUNDLE_IDENTIFIER = com.wsr.WSRExampleUITests;
				PRODUCT_NAME = "$(TARGET_NAME)";
				SWIFT_EMIT_LOC_STRINGS = NO;
				SWIFT_VERSION = 5.0;
				TARGETED_DEVICE_FAMILY = "1,2";
				TEST_TARGET_NAME = WSRExample;
			};
			name = Release;
		};
/* End XCBuildConfiguration section */

/* Begin XCConfigurationList section */
		A2C93E2B2C882A250091A1D1 /* Build configuration list for PBXProject "WSRExample" */ = {
			isa = XCConfigurationList;
			buildConfigurations = (
				A2C93E522C882A280091A1D1 /* Debug */,
				A2C93E532C882A280091A1D1 /* Release */,
			);
			defaultConfigurationIsVisible = 0;
			defaultConfigurationName = Release;
		};
		A2C93E542C882A280091A1D1 /* Build configuration list for PBXNativeTarget "WSRExample" */ = {
			isa = XCConfigurationList;
			buildConfigurations = (
				A2C93E552C882A280091A1D1 /* Debug */,
				A2C93E562C882A280091A1D1 /* Release */,
			);
			defaultConfigurationIsVisible = 0;
			defaultConfigurationName = Release;
		};
		A2C93E572C882A280091A1D1 /* Build configuration list for PBXNativeTarget "WSRExampleTests" */ = {
			isa = XCConfigurationList;
			buildConfigurations = (
				A2C93E582C882A280091A1D1 /* Debug */,
				A2C93E592C882A280091A1D1 /* Release */,
			);
			defaultConfigurationIsVisible = 0;
			defaultConfigurationName = Release;
		};
		A2C93E5A2C882A280091A1D1 /* Build configuration list for PBXNativeTarget "WSRExampleUITests" */ = {
			isa = XCConfigurationList;
			buildConfigurations = (
				A2C93E5B2C882A280091A1D1 /* Debug */,
				A2C93E5C2C882A280091A1D1 /* Release */,
			);
			defaultConfigurationIsVisible = 0;
			defaultConfigurationName = Release;
		};
/* End XCConfigurationList section */

/* Begin XCRemoteSwiftPackageReference section */
		A27093FB2C9A5D0500CA42A6 /* XCRemoteSwiftPackageReference "wsr" */ = {
			isa = XCRemoteSwiftPackageReference;
			repositoryURL = "https://github.com/wilyamx/wsr";
			requirement = {
				branch = develop;
				kind = branch;
			};
		};
/* End XCRemoteSwiftPackageReference section */

/* Begin XCSwiftPackageProductDependency section */
		A28FEB6C2CA3432B00844B87 /* WSRCommon */ = {
			isa = XCSwiftPackageProductDependency;
			package = A27093FB2C9A5D0500CA42A6 /* XCRemoteSwiftPackageReference "wsr" */;
			productName = WSRCommon;
		};
		A28FEB6E2CA3433B00844B87 /* WSRStorage */ = {
			isa = XCSwiftPackageProductDependency;
			package = A27093FB2C9A5D0500CA42A6 /* XCRemoteSwiftPackageReference "wsr" */;
			productName = WSRStorage;
		};
/* End XCSwiftPackageProductDependency section */
	};
	rootObject = A2C93E282C882A250091A1D1 /* Project object */;
}
