// !$*UTF8*$!
{
	archiveVersion = 1;
	classes = {
	};
	objectVersion = 56;
	objects = {

/* Begin PBXBuildFile section */
		A2A99BAB2C8AAB8500215A9A /* WSREComponentsViewController.swift in Sources */ = {isa = PBXBuildFile; fileRef = A2A99BAA2C8AAB8500215A9A /* WSREComponentsViewController.swift */; };
		A2A99BAD2C8AABD200215A9A /* WSREViewController.swift in Sources */ = {isa = PBXBuildFile; fileRef = A2A99BAC2C8AABD200215A9A /* WSREViewController.swift */; };
		A2A99BAF2C8AAC3200215A9A /* WSRENetworkingViewController.swift in Sources */ = {isa = PBXBuildFile; fileRef = A2A99BAE2C8AAC3200215A9A /* WSRENetworkingViewController.swift */; };
		A2A99BB12C8AAC6B00215A9A /* WSRENetworkingViewModel.swift in Sources */ = {isa = PBXBuildFile; fileRef = A2A99BB02C8AAC6B00215A9A /* WSRENetworkingViewModel.swift */; };
		A2A99BB32C8AACAC00215A9A /* WSREComponentsViewModel.swift in Sources */ = {isa = PBXBuildFile; fileRef = A2A99BB22C8AACAC00215A9A /* WSREComponentsViewModel.swift */; };
		A2A99BBB2C8AC80F00215A9A /* WSRComponents in Frameworks */ = {isa = PBXBuildFile; productRef = A2A99BBA2C8AC80F00215A9A /* WSRComponents */; };
		A2A99BBD2C8AC80F00215A9A /* WSRNetworking in Frameworks */ = {isa = PBXBuildFile; productRef = A2A99BBC2C8AC80F00215A9A /* WSRNetworking */; };
		A2A99BBF2C8ACEB700215A9A /* WSRUtils in Frameworks */ = {isa = PBXBuildFile; productRef = A2A99BBE2C8ACEB700215A9A /* WSRUtils */; };
		A2C93DF82C8829DE0091A1D1 /* AppDelegate.swift in Sources */ = {isa = PBXBuildFile; fileRef = A2C93DF72C8829DE0091A1D1 /* AppDelegate.swift */; };
		A2C93DFA2C8829DE0091A1D1 /* SceneDelegate.swift in Sources */ = {isa = PBXBuildFile; fileRef = A2C93DF92C8829DE0091A1D1 /* SceneDelegate.swift */; };
		A2C93DFC2C8829DE0091A1D1 /* ViewController.swift in Sources */ = {isa = PBXBuildFile; fileRef = A2C93DFB2C8829DE0091A1D1 /* ViewController.swift */; };
		A2C93DFF2C8829DE0091A1D1 /* Main.storyboard in Resources */ = {isa = PBXBuildFile; fileRef = A2C93DFD2C8829DE0091A1D1 /* Main.storyboard */; };
		A2C93E012C8829E00091A1D1 /* Assets.xcassets in Resources */ = {isa = PBXBuildFile; fileRef = A2C93E002C8829E00091A1D1 /* Assets.xcassets */; };
		A2C93E042C8829E00091A1D1 /* LaunchScreen.storyboard in Resources */ = {isa = PBXBuildFile; fileRef = A2C93E022C8829E00091A1D1 /* LaunchScreen.storyboard */; };
		A2C93E0F2C8829E00091A1D1 /* WSRExampleTests.swift in Sources */ = {isa = PBXBuildFile; fileRef = A2C93E0E2C8829E00091A1D1 /* WSRExampleTests.swift */; };
		A2C93E192C8829E00091A1D1 /* WSRExampleUITests.swift in Sources */ = {isa = PBXBuildFile; fileRef = A2C93E182C8829E00091A1D1 /* WSRExampleUITests.swift */; };
		A2C93E1B2C8829E00091A1D1 /* WSRExampleUITestsLaunchTests.swift in Sources */ = {isa = PBXBuildFile; fileRef = A2C93E1A2C8829E00091A1D1 /* WSRExampleUITestsLaunchTests.swift */; };
		A2CBE14A2C89592E00C677E0 /* SuperEasyLayout in Frameworks */ = {isa = PBXBuildFile; productRef = A2CBE1492C89592E00C677E0 /* SuperEasyLayout */; };
		A2CBE1542C89750C00C677E0 /* WSRHomeViewController.swift in Sources */ = {isa = PBXBuildFile; fileRef = A2CBE1532C89750C00C677E0 /* WSRHomeViewController.swift */; };
		A2CBE1562C89752B00C677E0 /* WSREHomeViewModel.swift in Sources */ = {isa = PBXBuildFile; fileRef = A2CBE1552C89752B00C677E0 /* WSREHomeViewModel.swift */; };
		A2CBE1582C8975D600C677E0 /* WSRHomeCoordinator.swift in Sources */ = {isa = PBXBuildFile; fileRef = A2CBE1572C8975D600C677E0 /* WSRHomeCoordinator.swift */; };
/* End PBXBuildFile section */

/* Begin PBXContainerItemProxy section */
		A2C93E0B2C8829E00091A1D1 /* PBXContainerItemProxy */ = {
			isa = PBXContainerItemProxy;
			containerPortal = A2C93DEC2C8829DE0091A1D1 /* Project object */;
			proxyType = 1;
			remoteGlobalIDString = A2C93DF32C8829DE0091A1D1;
			remoteInfo = WSRExample;
		};
		A2C93E152C8829E00091A1D1 /* PBXContainerItemProxy */ = {
			isa = PBXContainerItemProxy;
			containerPortal = A2C93DEC2C8829DE0091A1D1 /* Project object */;
			proxyType = 1;
			remoteGlobalIDString = A2C93DF32C8829DE0091A1D1;
			remoteInfo = WSRExample;
		};
/* End PBXContainerItemProxy section */

/* Begin PBXFileReference section */
		A2A99BAA2C8AAB8500215A9A /* WSREComponentsViewController.swift */ = {isa = PBXFileReference; lastKnownFileType = sourcecode.swift; path = WSREComponentsViewController.swift; sourceTree = "<group>"; };
		A2A99BAC2C8AABD200215A9A /* WSREViewController.swift */ = {isa = PBXFileReference; lastKnownFileType = sourcecode.swift; path = WSREViewController.swift; sourceTree = "<group>"; };
		A2A99BAE2C8AAC3200215A9A /* WSRENetworkingViewController.swift */ = {isa = PBXFileReference; lastKnownFileType = sourcecode.swift; path = WSRENetworkingViewController.swift; sourceTree = "<group>"; };
		A2A99BB02C8AAC6B00215A9A /* WSRENetworkingViewModel.swift */ = {isa = PBXFileReference; lastKnownFileType = sourcecode.swift; path = WSRENetworkingViewModel.swift; sourceTree = "<group>"; };
		A2A99BB22C8AACAC00215A9A /* WSREComponentsViewModel.swift */ = {isa = PBXFileReference; lastKnownFileType = sourcecode.swift; path = WSREComponentsViewModel.swift; sourceTree = "<group>"; };
		A2C93DF42C8829DE0091A1D1 /* WSRExample.app */ = {isa = PBXFileReference; explicitFileType = wrapper.application; includeInIndex = 0; path = WSRExample.app; sourceTree = BUILT_PRODUCTS_DIR; };
		A2C93DF72C8829DE0091A1D1 /* AppDelegate.swift */ = {isa = PBXFileReference; lastKnownFileType = sourcecode.swift; path = AppDelegate.swift; sourceTree = "<group>"; };
		A2C93DF92C8829DE0091A1D1 /* SceneDelegate.swift */ = {isa = PBXFileReference; lastKnownFileType = sourcecode.swift; path = SceneDelegate.swift; sourceTree = "<group>"; };
		A2C93DFB2C8829DE0091A1D1 /* ViewController.swift */ = {isa = PBXFileReference; lastKnownFileType = sourcecode.swift; path = ViewController.swift; sourceTree = "<group>"; };
		A2C93DFE2C8829DE0091A1D1 /* Base */ = {isa = PBXFileReference; lastKnownFileType = file.storyboard; name = Base; path = Base.lproj/Main.storyboard; sourceTree = "<group>"; };
		A2C93E002C8829E00091A1D1 /* Assets.xcassets */ = {isa = PBXFileReference; lastKnownFileType = folder.assetcatalog; path = Assets.xcassets; sourceTree = "<group>"; };
		A2C93E032C8829E00091A1D1 /* Base */ = {isa = PBXFileReference; lastKnownFileType = file.storyboard; name = Base; path = Base.lproj/LaunchScreen.storyboard; sourceTree = "<group>"; };
		A2C93E052C8829E00091A1D1 /* Info.plist */ = {isa = PBXFileReference; lastKnownFileType = text.plist.xml; path = Info.plist; sourceTree = "<group>"; };
		A2C93E0A2C8829E00091A1D1 /* WSRExampleTests.xctest */ = {isa = PBXFileReference; explicitFileType = wrapper.cfbundle; includeInIndex = 0; path = WSRExampleTests.xctest; sourceTree = BUILT_PRODUCTS_DIR; };
		A2C93E0E2C8829E00091A1D1 /* WSRExampleTests.swift */ = {isa = PBXFileReference; lastKnownFileType = sourcecode.swift; path = WSRExampleTests.swift; sourceTree = "<group>"; };
		A2C93E142C8829E00091A1D1 /* WSRExampleUITests.xctest */ = {isa = PBXFileReference; explicitFileType = wrapper.cfbundle; includeInIndex = 0; path = WSRExampleUITests.xctest; sourceTree = BUILT_PRODUCTS_DIR; };
		A2C93E182C8829E00091A1D1 /* WSRExampleUITests.swift */ = {isa = PBXFileReference; lastKnownFileType = sourcecode.swift; path = WSRExampleUITests.swift; sourceTree = "<group>"; };
		A2C93E1A2C8829E00091A1D1 /* WSRExampleUITestsLaunchTests.swift */ = {isa = PBXFileReference; lastKnownFileType = sourcecode.swift; path = WSRExampleUITestsLaunchTests.swift; sourceTree = "<group>"; };
		A2CBE1532C89750C00C677E0 /* WSRHomeViewController.swift */ = {isa = PBXFileReference; lastKnownFileType = sourcecode.swift; path = WSRHomeViewController.swift; sourceTree = "<group>"; };
		A2CBE1552C89752B00C677E0 /* WSREHomeViewModel.swift */ = {isa = PBXFileReference; lastKnownFileType = sourcecode.swift; path = WSREHomeViewModel.swift; sourceTree = "<group>"; };
		A2CBE1572C8975D600C677E0 /* WSRHomeCoordinator.swift */ = {isa = PBXFileReference; lastKnownFileType = sourcecode.swift; path = WSRHomeCoordinator.swift; sourceTree = "<group>"; };
/* End PBXFileReference section */

/* Begin PBXFrameworksBuildPhase section */
		A2C93DF12C8829DE0091A1D1 /* Frameworks */ = {
			isa = PBXFrameworksBuildPhase;
			buildActionMask = 2147483647;
			files = (
				A2CBE14A2C89592E00C677E0 /* SuperEasyLayout in Frameworks */,
				A2A99BBF2C8ACEB700215A9A /* WSRUtils in Frameworks */,
				A2A99BBB2C8AC80F00215A9A /* WSRComponents in Frameworks */,
				A2A99BBD2C8AC80F00215A9A /* WSRNetworking in Frameworks */,
			);
			runOnlyForDeploymentPostprocessing = 0;
		};
		A2C93E072C8829E00091A1D1 /* Frameworks */ = {
			isa = PBXFrameworksBuildPhase;
			buildActionMask = 2147483647;
			files = (
			);
			runOnlyForDeploymentPostprocessing = 0;
		};
		A2C93E112C8829E00091A1D1 /* Frameworks */ = {
			isa = PBXFrameworksBuildPhase;
			buildActionMask = 2147483647;
			files = (
			);
			runOnlyForDeploymentPostprocessing = 0;
		};
/* End PBXFrameworksBuildPhase section */

/* Begin PBXGroup section */
		A2A99BA82C8AAAD800215A9A /* Components */ = {
			isa = PBXGroup;
			children = (
				A2A99BAA2C8AAB8500215A9A /* WSREComponentsViewController.swift */,
				A2A99BB22C8AACAC00215A9A /* WSREComponentsViewModel.swift */,
			);
			path = Components;
			sourceTree = "<group>";
		};
		A2A99BA92C8AAAF100215A9A /* Networking */ = {
			isa = PBXGroup;
			children = (
				A2A99BAE2C8AAC3200215A9A /* WSRENetworkingViewController.swift */,
				A2A99BB02C8AAC6B00215A9A /* WSRENetworkingViewModel.swift */,
			);
			path = Networking;
			sourceTree = "<group>";
		};
		A2C93DEB2C8829DE0091A1D1 = {
			isa = PBXGroup;
			children = (
				A2C93DF62C8829DE0091A1D1 /* WSRExample */,
				A2C93E0D2C8829E00091A1D1 /* WSRExampleTests */,
				A2C93E172C8829E00091A1D1 /* WSRExampleUITests */,
				A2C93DF52C8829DE0091A1D1 /* Products */,
			);
			sourceTree = "<group>";
		};
		A2C93DF52C8829DE0091A1D1 /* Products */ = {
			isa = PBXGroup;
			children = (
				A2C93DF42C8829DE0091A1D1 /* WSRExample.app */,
				A2C93E0A2C8829E00091A1D1 /* WSRExampleTests.xctest */,
				A2C93E142C8829E00091A1D1 /* WSRExampleUITests.xctest */,
			);
			name = Products;
			sourceTree = "<group>";
		};
		A2C93DF62C8829DE0091A1D1 /* WSRExample */ = {
			isa = PBXGroup;
			children = (
				A2CBE14B2C89734500C677E0 /* Source */,
				A2C93DF72C8829DE0091A1D1 /* AppDelegate.swift */,
				A2C93DF92C8829DE0091A1D1 /* SceneDelegate.swift */,
				A2C93DFB2C8829DE0091A1D1 /* ViewController.swift */,
				A2C93DFD2C8829DE0091A1D1 /* Main.storyboard */,
				A2C93E002C8829E00091A1D1 /* Assets.xcassets */,
				A2C93E022C8829E00091A1D1 /* LaunchScreen.storyboard */,
				A2C93E052C8829E00091A1D1 /* Info.plist */,
			);
			path = WSRExample;
			sourceTree = "<group>";
		};
		A2C93E0D2C8829E00091A1D1 /* WSRExampleTests */ = {
			isa = PBXGroup;
			children = (
				A2C93E0E2C8829E00091A1D1 /* WSRExampleTests.swift */,
			);
			path = WSRExampleTests;
			sourceTree = "<group>";
		};
		A2C93E172C8829E00091A1D1 /* WSRExampleUITests */ = {
			isa = PBXGroup;
			children = (
				A2C93E182C8829E00091A1D1 /* WSRExampleUITests.swift */,
				A2C93E1A2C8829E00091A1D1 /* WSRExampleUITestsLaunchTests.swift */,
			);
			path = WSRExampleUITests;
			sourceTree = "<group>";
		};
		A2CBE14B2C89734500C677E0 /* Source */ = {
			isa = PBXGroup;
			children = (
				A2CBE1512C89744700C677E0 /* Common */,
				A2CBE14D2C89739800C677E0 /* Components */,
				A2CBE14C2C89738900C677E0 /* Errors */,
				A2CBE14E2C8973A200C677E0 /* Extensions */,
				A2CBE1502C89741B00C677E0 /* Views */,
			);
			path = Source;
			sourceTree = "<group>";
		};
		A2CBE14C2C89738900C677E0 /* Errors */ = {
			isa = PBXGroup;
			children = (
			);
			path = Errors;
			sourceTree = "<group>";
		};
		A2CBE14D2C89739800C677E0 /* Components */ = {
			isa = PBXGroup;
			children = (
				A2A99BAC2C8AABD200215A9A /* WSREViewController.swift */,
			);
			path = Components;
			sourceTree = "<group>";
		};
		A2CBE14E2C8973A200C677E0 /* Extensions */ = {
			isa = PBXGroup;
			children = (
			);
			path = Extensions;
			sourceTree = "<group>";
		};
		A2CBE14F2C8973D300C677E0 /* Home */ = {
			isa = PBXGroup;
			children = (
				A2CBE1522C8974B500C677E0 /* Subviews */,
				A2CBE1532C89750C00C677E0 /* WSRHomeViewController.swift */,
				A2CBE1552C89752B00C677E0 /* WSREHomeViewModel.swift */,
				A2CBE1572C8975D600C677E0 /* WSRHomeCoordinator.swift */,
			);
			path = Home;
			sourceTree = "<group>";
		};
		A2CBE1502C89741B00C677E0 /* Views */ = {
			isa = PBXGroup;
			children = (
				A2CBE14F2C8973D300C677E0 /* Home */,
				A2A99BA82C8AAAD800215A9A /* Components */,
				A2A99BA92C8AAAF100215A9A /* Networking */,
			);
			path = Views;
			sourceTree = "<group>";
		};
		A2CBE1512C89744700C677E0 /* Common */ = {
			isa = PBXGroup;
			children = (
			);
			path = Common;
			sourceTree = "<group>";
		};
		A2CBE1522C8974B500C677E0 /* Subviews */ = {
			isa = PBXGroup;
			children = (
			);
			path = Subviews;
			sourceTree = "<group>";
		};
/* End PBXGroup section */

/* Begin PBXNativeTarget section */
		A2C93DF32C8829DE0091A1D1 /* WSRExample */ = {
			isa = PBXNativeTarget;
			buildConfigurationList = A2C93E1E2C8829E00091A1D1 /* Build configuration list for PBXNativeTarget "WSRExample" */;
			buildPhases = (
				A2C93DF02C8829DE0091A1D1 /* Sources */,
				A2C93DF12C8829DE0091A1D1 /* Frameworks */,
				A2C93DF22C8829DE0091A1D1 /* Resources */,
			);
			buildRules = (
			);
			dependencies = (
			);
			name = WSRExample;
			packageProductDependencies = (
				A2CBE1492C89592E00C677E0 /* SuperEasyLayout */,
				A2A99BBA2C8AC80F00215A9A /* WSRComponents */,
				A2A99BBC2C8AC80F00215A9A /* WSRNetworking */,
				A2A99BBE2C8ACEB700215A9A /* WSRUtils */,
			);
			productName = WSRExample;
			productReference = A2C93DF42C8829DE0091A1D1 /* WSRExample.app */;
			productType = "com.apple.product-type.application";
		};
		A2C93E092C8829E00091A1D1 /* WSRExampleTests */ = {
			isa = PBXNativeTarget;
			buildConfigurationList = A2C93E212C8829E00091A1D1 /* Build configuration list for PBXNativeTarget "WSRExampleTests" */;
			buildPhases = (
				A2C93E062C8829E00091A1D1 /* Sources */,
				A2C93E072C8829E00091A1D1 /* Frameworks */,
				A2C93E082C8829E00091A1D1 /* Resources */,
			);
			buildRules = (
			);
			dependencies = (
				A2C93E0C2C8829E00091A1D1 /* PBXTargetDependency */,
			);
			name = WSRExampleTests;
			productName = WSRExampleTests;
			productReference = A2C93E0A2C8829E00091A1D1 /* WSRExampleTests.xctest */;
			productType = "com.apple.product-type.bundle.unit-test";
		};
		A2C93E132C8829E00091A1D1 /* WSRExampleUITests */ = {
			isa = PBXNativeTarget;
			buildConfigurationList = A2C93E242C8829E00091A1D1 /* Build configuration list for PBXNativeTarget "WSRExampleUITests" */;
			buildPhases = (
				A2C93E102C8829E00091A1D1 /* Sources */,
				A2C93E112C8829E00091A1D1 /* Frameworks */,
				A2C93E122C8829E00091A1D1 /* Resources */,
			);
			buildRules = (
			);
			dependencies = (
				A2C93E162C8829E00091A1D1 /* PBXTargetDependency */,
			);
			name = WSRExampleUITests;
			productName = WSRExampleUITests;
			productReference = A2C93E142C8829E00091A1D1 /* WSRExampleUITests.xctest */;
			productType = "com.apple.product-type.bundle.ui-testing";
		};
/* End PBXNativeTarget section */

/* Begin PBXProject section */
		A2C93DEC2C8829DE0091A1D1 /* Project object */ = {
			isa = PBXProject;
			attributes = {
				BuildIndependentTargetsInParallel = 1;
				CLASSPREFIX = WSRE;
				LastSwiftUpdateCheck = 1520;
				LastUpgradeCheck = 1520;
				ORGANIZATIONNAME = "Personal Use Only";
				TargetAttributes = {
					A2C93DF32C8829DE0091A1D1 = {
						CreatedOnToolsVersion = 15.2;
					};
					A2C93E092C8829E00091A1D1 = {
						CreatedOnToolsVersion = 15.2;
						TestTargetID = A2C93DF32C8829DE0091A1D1;
					};
					A2C93E132C8829E00091A1D1 = {
						CreatedOnToolsVersion = 15.2;
						TestTargetID = A2C93DF32C8829DE0091A1D1;
					};
				};
			};
			buildConfigurationList = A2C93DEF2C8829DE0091A1D1 /* Build configuration list for PBXProject "WSRExample" */;
			compatibilityVersion = "Xcode 14.0";
			developmentRegion = en;
			hasScannedForEncodings = 0;
			knownRegions = (
				en,
				Base,
			);
			mainGroup = A2C93DEB2C8829DE0091A1D1;
			packageReferences = (
				A2CBE1482C89592E00C677E0 /* XCRemoteSwiftPackageReference "SuperEasyLayout" */,
				A2A99BB92C8AC80F00215A9A /* XCRemoteSwiftPackageReference "wsr" */,
			);
			productRefGroup = A2C93DF52C8829DE0091A1D1 /* Products */;
			projectDirPath = "";
			projectRoot = "";
			targets = (
				A2C93DF32C8829DE0091A1D1 /* WSRExample */,
				A2C93E092C8829E00091A1D1 /* WSRExampleTests */,
				A2C93E132C8829E00091A1D1 /* WSRExampleUITests */,
			);
		};
/* End PBXProject section */

/* Begin PBXResourcesBuildPhase section */
		A2C93DF22C8829DE0091A1D1 /* Resources */ = {
			isa = PBXResourcesBuildPhase;
			buildActionMask = 2147483647;
			files = (
				A2C93E042C8829E00091A1D1 /* LaunchScreen.storyboard in Resources */,
				A2C93E012C8829E00091A1D1 /* Assets.xcassets in Resources */,
				A2C93DFF2C8829DE0091A1D1 /* Main.storyboard in Resources */,
			);
			runOnlyForDeploymentPostprocessing = 0;
		};
		A2C93E082C8829E00091A1D1 /* Resources */ = {
			isa = PBXResourcesBuildPhase;
			buildActionMask = 2147483647;
			files = (
			);
			runOnlyForDeploymentPostprocessing = 0;
		};
		A2C93E122C8829E00091A1D1 /* Resources */ = {
			isa = PBXResourcesBuildPhase;
			buildActionMask = 2147483647;
			files = (
			);
			runOnlyForDeploymentPostprocessing = 0;
		};
/* End PBXResourcesBuildPhase section */

/* Begin PBXSourcesBuildPhase section */
		A2C93DF02C8829DE0091A1D1 /* Sources */ = {
			isa = PBXSourcesBuildPhase;
			buildActionMask = 2147483647;
			files = (
				A2A99BB32C8AACAC00215A9A /* WSREComponentsViewModel.swift in Sources */,
				A2A99BAB2C8AAB8500215A9A /* WSREComponentsViewController.swift in Sources */,
				A2CBE1562C89752B00C677E0 /* WSREHomeViewModel.swift in Sources */,
				A2C93DFC2C8829DE0091A1D1 /* ViewController.swift in Sources */,
				A2A99BAD2C8AABD200215A9A /* WSREViewController.swift in Sources */,
				A2CBE1582C8975D600C677E0 /* WSRHomeCoordinator.swift in Sources */,
				A2A99BB12C8AAC6B00215A9A /* WSRENetworkingViewModel.swift in Sources */,
				A2C93DF82C8829DE0091A1D1 /* AppDelegate.swift in Sources */,
				A2A99BAF2C8AAC3200215A9A /* WSRENetworkingViewController.swift in Sources */,
				A2CBE1542C89750C00C677E0 /* WSRHomeViewController.swift in Sources */,
				A2C93DFA2C8829DE0091A1D1 /* SceneDelegate.swift in Sources */,
			);
			runOnlyForDeploymentPostprocessing = 0;
		};
		A2C93E062C8829E00091A1D1 /* Sources */ = {
			isa = PBXSourcesBuildPhase;
			buildActionMask = 2147483647;
			files = (
				A2C93E0F2C8829E00091A1D1 /* WSRExampleTests.swift in Sources */,
			);
			runOnlyForDeploymentPostprocessing = 0;
		};
		A2C93E102C8829E00091A1D1 /* Sources */ = {
			isa = PBXSourcesBuildPhase;
			buildActionMask = 2147483647;
			files = (
				A2C93E1B2C8829E00091A1D1 /* WSRExampleUITestsLaunchTests.swift in Sources */,
				A2C93E192C8829E00091A1D1 /* WSRExampleUITests.swift in Sources */,
			);
			runOnlyForDeploymentPostprocessing = 0;
		};
/* End PBXSourcesBuildPhase section */

/* Begin PBXTargetDependency section */
		A2C93E0C2C8829E00091A1D1 /* PBXTargetDependency */ = {
			isa = PBXTargetDependency;
			target = A2C93DF32C8829DE0091A1D1 /* WSRExample */;
			targetProxy = A2C93E0B2C8829E00091A1D1 /* PBXContainerItemProxy */;
		};
		A2C93E162C8829E00091A1D1 /* PBXTargetDependency */ = {
			isa = PBXTargetDependency;
			target = A2C93DF32C8829DE0091A1D1 /* WSRExample */;
			targetProxy = A2C93E152C8829E00091A1D1 /* PBXContainerItemProxy */;
		};
/* End PBXTargetDependency section */

/* Begin PBXVariantGroup section */
		A2C93DFD2C8829DE0091A1D1 /* Main.storyboard */ = {
			isa = PBXVariantGroup;
			children = (
				A2C93DFE2C8829DE0091A1D1 /* Base */,
			);
			name = Main.storyboard;
			sourceTree = "<group>";
		};
		A2C93E022C8829E00091A1D1 /* LaunchScreen.storyboard */ = {
			isa = PBXVariantGroup;
			children = (
				A2C93E032C8829E00091A1D1 /* Base */,
			);
			name = LaunchScreen.storyboard;
			sourceTree = "<group>";
		};
/* End PBXVariantGroup section */

/* Begin XCBuildConfiguration section */
		A2C93E1C2C8829E00091A1D1 /* Debug */ = {
			isa = XCBuildConfiguration;
			buildSettings = {
				ALWAYS_SEARCH_USER_PATHS = NO;
				ASSETCATALOG_COMPILER_GENERATE_SWIFT_ASSET_SYMBOL_EXTENSIONS = YES;
				CLANG_ANALYZER_NONNULL = YES;
				CLANG_ANALYZER_NUMBER_OBJECT_CONVERSION = YES_AGGRESSIVE;
				CLANG_CXX_LANGUAGE_STANDARD = "gnu++20";
				CLANG_ENABLE_MODULES = YES;
				CLANG_ENABLE_OBJC_ARC = YES;
				CLANG_ENABLE_OBJC_WEAK = YES;
				CLANG_WARN_BLOCK_CAPTURE_AUTORELEASING = YES;
				CLANG_WARN_BOOL_CONVERSION = YES;
				CLANG_WARN_COMMA = YES;
				CLANG_WARN_CONSTANT_CONVERSION = YES;
				CLANG_WARN_DEPRECATED_OBJC_IMPLEMENTATIONS = YES;
				CLANG_WARN_DIRECT_OBJC_ISA_USAGE = YES_ERROR;
				CLANG_WARN_DOCUMENTATION_COMMENTS = YES;
				CLANG_WARN_EMPTY_BODY = YES;
				CLANG_WARN_ENUM_CONVERSION = YES;
				CLANG_WARN_INFINITE_RECURSION = YES;
				CLANG_WARN_INT_CONVERSION = YES;
				CLANG_WARN_NON_LITERAL_NULL_CONVERSION = YES;
				CLANG_WARN_OBJC_IMPLICIT_RETAIN_SELF = YES;
				CLANG_WARN_OBJC_LITERAL_CONVERSION = YES;
				CLANG_WARN_OBJC_ROOT_CLASS = YES_ERROR;
				CLANG_WARN_QUOTED_INCLUDE_IN_FRAMEWORK_HEADER = YES;
				CLANG_WARN_RANGE_LOOP_ANALYSIS = YES;
				CLANG_WARN_STRICT_PROTOTYPES = YES;
				CLANG_WARN_SUSPICIOUS_MOVE = YES;
				CLANG_WARN_UNGUARDED_AVAILABILITY = YES_AGGRESSIVE;
				CLANG_WARN_UNREACHABLE_CODE = YES;
				CLANG_WARN__DUPLICATE_METHOD_MATCH = YES;
				COPY_PHASE_STRIP = NO;
				DEBUG_INFORMATION_FORMAT = dwarf;
				ENABLE_STRICT_OBJC_MSGSEND = YES;
				ENABLE_TESTABILITY = YES;
				ENABLE_USER_SCRIPT_SANDBOXING = YES;
				GCC_C_LANGUAGE_STANDARD = gnu17;
				GCC_DYNAMIC_NO_PIC = NO;
				GCC_NO_COMMON_BLOCKS = YES;
				GCC_OPTIMIZATION_LEVEL = 0;
				GCC_PREPROCESSOR_DEFINITIONS = (
					"DEBUG=1",
					"$(inherited)",
				);
				GCC_WARN_64_TO_32_BIT_CONVERSION = YES;
				GCC_WARN_ABOUT_RETURN_TYPE = YES_ERROR;
				GCC_WARN_UNDECLARED_SELECTOR = YES;
				GCC_WARN_UNINITIALIZED_AUTOS = YES_AGGRESSIVE;
				GCC_WARN_UNUSED_FUNCTION = YES;
				GCC_WARN_UNUSED_VARIABLE = YES;
				IPHONEOS_DEPLOYMENT_TARGET = 17.2;
				LOCALIZATION_PREFERS_STRING_CATALOGS = YES;
				MTL_ENABLE_DEBUG_INFO = INCLUDE_SOURCE;
				MTL_FAST_MATH = YES;
				ONLY_ACTIVE_ARCH = YES;
				SDKROOT = iphoneos;
				SWIFT_ACTIVE_COMPILATION_CONDITIONS = "DEBUG $(inherited)";
				SWIFT_OPTIMIZATION_LEVEL = "-Onone";
			};
			name = Debug;
		};
		A2C93E1D2C8829E00091A1D1 /* Release */ = {
			isa = XCBuildConfiguration;
			buildSettings = {
				ALWAYS_SEARCH_USER_PATHS = NO;
				ASSETCATALOG_COMPILER_GENERATE_SWIFT_ASSET_SYMBOL_EXTENSIONS = YES;
				CLANG_ANALYZER_NONNULL = YES;
				CLANG_ANALYZER_NUMBER_OBJECT_CONVERSION = YES_AGGRESSIVE;
				CLANG_CXX_LANGUAGE_STANDARD = "gnu++20";
				CLANG_ENABLE_MODULES = YES;
				CLANG_ENABLE_OBJC_ARC = YES;
				CLANG_ENABLE_OBJC_WEAK = YES;
				CLANG_WARN_BLOCK_CAPTURE_AUTORELEASING = YES;
				CLANG_WARN_BOOL_CONVERSION = YES;
				CLANG_WARN_COMMA = YES;
				CLANG_WARN_CONSTANT_CONVERSION = YES;
				CLANG_WARN_DEPRECATED_OBJC_IMPLEMENTATIONS = YES;
				CLANG_WARN_DIRECT_OBJC_ISA_USAGE = YES_ERROR;
				CLANG_WARN_DOCUMENTATION_COMMENTS = YES;
				CLANG_WARN_EMPTY_BODY = YES;
				CLANG_WARN_ENUM_CONVERSION = YES;
				CLANG_WARN_INFINITE_RECURSION = YES;
				CLANG_WARN_INT_CONVERSION = YES;
				CLANG_WARN_NON_LITERAL_NULL_CONVERSION = YES;
				CLANG_WARN_OBJC_IMPLICIT_RETAIN_SELF = YES;
				CLANG_WARN_OBJC_LITERAL_CONVERSION = YES;
				CLANG_WARN_OBJC_ROOT_CLASS = YES_ERROR;
				CLANG_WARN_QUOTED_INCLUDE_IN_FRAMEWORK_HEADER = YES;
				CLANG_WARN_RANGE_LOOP_ANALYSIS = YES;
				CLANG_WARN_STRICT_PROTOTYPES = YES;
				CLANG_WARN_SUSPICIOUS_MOVE = YES;
				CLANG_WARN_UNGUARDED_AVAILABILITY = YES_AGGRESSIVE;
				CLANG_WARN_UNREACHABLE_CODE = YES;
				CLANG_WARN__DUPLICATE_METHOD_MATCH = YES;
				COPY_PHASE_STRIP = NO;
				DEBUG_INFORMATION_FORMAT = "dwarf-with-dsym";
				ENABLE_NS_ASSERTIONS = NO;
				ENABLE_STRICT_OBJC_MSGSEND = YES;
				ENABLE_USER_SCRIPT_SANDBOXING = YES;
				GCC_C_LANGUAGE_STANDARD = gnu17;
				GCC_NO_COMMON_BLOCKS = YES;
				GCC_WARN_64_TO_32_BIT_CONVERSION = YES;
				GCC_WARN_ABOUT_RETURN_TYPE = YES_ERROR;
				GCC_WARN_UNDECLARED_SELECTOR = YES;
				GCC_WARN_UNINITIALIZED_AUTOS = YES_AGGRESSIVE;
				GCC_WARN_UNUSED_FUNCTION = YES;
				GCC_WARN_UNUSED_VARIABLE = YES;
				IPHONEOS_DEPLOYMENT_TARGET = 17.2;
				LOCALIZATION_PREFERS_STRING_CATALOGS = YES;
				MTL_ENABLE_DEBUG_INFO = NO;
				MTL_FAST_MATH = YES;
				SDKROOT = iphoneos;
				SWIFT_COMPILATION_MODE = wholemodule;
				VALIDATE_PRODUCT = YES;
			};
			name = Release;
		};
		A2C93E1F2C8829E00091A1D1 /* Debug */ = {
			isa = XCBuildConfiguration;
			buildSettings = {
				ASSETCATALOG_COMPILER_APPICON_NAME = AppIcon;
				ASSETCATALOG_COMPILER_GLOBAL_ACCENT_COLOR_NAME = AccentColor;
				CODE_SIGN_STYLE = Automatic;
				CURRENT_PROJECT_VERSION = 1;
				GENERATE_INFOPLIST_FILE = YES;
				INFOPLIST_FILE = WSRExample/Info.plist;
				INFOPLIST_KEY_CFBundleDisplayName = WSR;
				INFOPLIST_KEY_UIApplicationSupportsIndirectInputEvents = YES;
				INFOPLIST_KEY_UILaunchStoryboardName = LaunchScreen;
				INFOPLIST_KEY_UIMainStoryboardFile = Main;
				INFOPLIST_KEY_UISupportedInterfaceOrientations_iPad = "UIInterfaceOrientationPortrait UIInterfaceOrientationPortraitUpsideDown UIInterfaceOrientationLandscapeLeft UIInterfaceOrientationLandscapeRight";
				INFOPLIST_KEY_UISupportedInterfaceOrientations_iPhone = "UIInterfaceOrientationPortrait UIInterfaceOrientationLandscapeLeft UIInterfaceOrientationLandscapeRight";
				LD_RUNPATH_SEARCH_PATHS = (
					"$(inherited)",
					"@executable_path/Frameworks",
				);
				MARKETING_VERSION = 1.0;
				PRODUCT_BUNDLE_IDENTIFIER = com.wsr.WSRStoryboard;
				PRODUCT_NAME = "$(TARGET_NAME)";
				SWIFT_EMIT_LOC_STRINGS = YES;
				SWIFT_VERSION = 5.0;
				TARGETED_DEVICE_FAMILY = "1,2";
			};
			name = Debug;
		};
		A2C93E202C8829E00091A1D1 /* Release */ = {
			isa = XCBuildConfiguration;
			buildSettings = {
				ASSETCATALOG_COMPILER_APPICON_NAME = AppIcon;
				ASSETCATALOG_COMPILER_GLOBAL_ACCENT_COLOR_NAME = AccentColor;
				CODE_SIGN_STYLE = Automatic;
				CURRENT_PROJECT_VERSION = 1;
				GENERATE_INFOPLIST_FILE = YES;
				INFOPLIST_FILE = WSRExample/Info.plist;
				INFOPLIST_KEY_CFBundleDisplayName = WSR;
				INFOPLIST_KEY_UIApplicationSupportsIndirectInputEvents = YES;
				INFOPLIST_KEY_UILaunchStoryboardName = LaunchScreen;
				INFOPLIST_KEY_UIMainStoryboardFile = Main;
				INFOPLIST_KEY_UISupportedInterfaceOrientations_iPad = "UIInterfaceOrientationPortrait UIInterfaceOrientationPortraitUpsideDown UIInterfaceOrientationLandscapeLeft UIInterfaceOrientationLandscapeRight";
				INFOPLIST_KEY_UISupportedInterfaceOrientations_iPhone = "UIInterfaceOrientationPortrait UIInterfaceOrientationLandscapeLeft UIInterfaceOrientationLandscapeRight";
				LD_RUNPATH_SEARCH_PATHS = (
					"$(inherited)",
					"@executable_path/Frameworks",
				);
				MARKETING_VERSION = 1.0;
				PRODUCT_BUNDLE_IDENTIFIER = com.wsr.WSRStoryboard;
				PRODUCT_NAME = "$(TARGET_NAME)";
				SWIFT_EMIT_LOC_STRINGS = YES;
				SWIFT_VERSION = 5.0;
				TARGETED_DEVICE_FAMILY = "1,2";
			};
			name = Release;
		};
		A2C93E222C8829E00091A1D1 /* Debug */ = {
			isa = XCBuildConfiguration;
			buildSettings = {
				ALWAYS_EMBED_SWIFT_STANDARD_LIBRARIES = YES;
				BUNDLE_LOADER = "$(TEST_HOST)";
				CODE_SIGN_STYLE = Automatic;
				CURRENT_PROJECT_VERSION = 1;
				GENERATE_INFOPLIST_FILE = YES;
				IPHONEOS_DEPLOYMENT_TARGET = 17.2;
				MARKETING_VERSION = 1.0;
				PRODUCT_BUNDLE_IDENTIFIER = com.wsr.WSRExampleTests;
				PRODUCT_NAME = "$(TARGET_NAME)";
				SWIFT_EMIT_LOC_STRINGS = NO;
				SWIFT_VERSION = 5.0;
				TARGETED_DEVICE_FAMILY = "1,2";
				TEST_HOST = "$(BUILT_PRODUCTS_DIR)/WSRExample.app/$(BUNDLE_EXECUTABLE_FOLDER_PATH)/WSRExample";
			};
			name = Debug;
		};
		A2C93E232C8829E00091A1D1 /* Release */ = {
			isa = XCBuildConfiguration;
			buildSettings = {
				ALWAYS_EMBED_SWIFT_STANDARD_LIBRARIES = YES;
				BUNDLE_LOADER = "$(TEST_HOST)";
				CODE_SIGN_STYLE = Automatic;
				CURRENT_PROJECT_VERSION = 1;
				GENERATE_INFOPLIST_FILE = YES;
				IPHONEOS_DEPLOYMENT_TARGET = 17.2;
				MARKETING_VERSION = 1.0;
				PRODUCT_BUNDLE_IDENTIFIER = com.wsr.WSRExampleTests;
				PRODUCT_NAME = "$(TARGET_NAME)";
				SWIFT_EMIT_LOC_STRINGS = NO;
				SWIFT_VERSION = 5.0;
				TARGETED_DEVICE_FAMILY = "1,2";
				TEST_HOST = "$(BUILT_PRODUCTS_DIR)/WSRExample.app/$(BUNDLE_EXECUTABLE_FOLDER_PATH)/WSRExample";
			};
			name = Release;
		};
		A2C93E252C8829E00091A1D1 /* Debug */ = {
			isa = XCBuildConfiguration;
			buildSettings = {
				ALWAYS_EMBED_SWIFT_STANDARD_LIBRARIES = YES;
				CODE_SIGN_STYLE = Automatic;
				CURRENT_PROJECT_VERSION = 1;
				GENERATE_INFOPLIST_FILE = YES;
				MARKETING_VERSION = 1.0;
				PRODUCT_BUNDLE_IDENTIFIER = com.wsr.WSRExampleUITests;
				PRODUCT_NAME = "$(TARGET_NAME)";
				SWIFT_EMIT_LOC_STRINGS = NO;
				SWIFT_VERSION = 5.0;
				TARGETED_DEVICE_FAMILY = "1,2";
				TEST_TARGET_NAME = WSRExample;
			};
			name = Debug;
		};
		A2C93E262C8829E00091A1D1 /* Release */ = {
			isa = XCBuildConfiguration;
			buildSettings = {
				ALWAYS_EMBED_SWIFT_STANDARD_LIBRARIES = YES;
				CODE_SIGN_STYLE = Automatic;
				CURRENT_PROJECT_VERSION = 1;
				GENERATE_INFOPLIST_FILE = YES;
				MARKETING_VERSION = 1.0;
				PRODUCT_BUNDLE_IDENTIFIER = com.wsr.WSRExampleUITests;
				PRODUCT_NAME = "$(TARGET_NAME)";
				SWIFT_EMIT_LOC_STRINGS = NO;
				SWIFT_VERSION = 5.0;
				TARGETED_DEVICE_FAMILY = "1,2";
				TEST_TARGET_NAME = WSRExample;
			};
			name = Release;
		};
/* End XCBuildConfiguration section */

/* Begin XCConfigurationList section */
		A2C93DEF2C8829DE0091A1D1 /* Build configuration list for PBXProject "WSRExample" */ = {
			isa = XCConfigurationList;
			buildConfigurations = (
				A2C93E1C2C8829E00091A1D1 /* Debug */,
				A2C93E1D2C8829E00091A1D1 /* Release */,
			);
			defaultConfigurationIsVisible = 0;
			defaultConfigurationName = Release;
		};
		A2C93E1E2C8829E00091A1D1 /* Build configuration list for PBXNativeTarget "WSRExample" */ = {
			isa = XCConfigurationList;
			buildConfigurations = (
				A2C93E1F2C8829E00091A1D1 /* Debug */,
				A2C93E202C8829E00091A1D1 /* Release */,
			);
			defaultConfigurationIsVisible = 0;
			defaultConfigurationName = Release;
		};
		A2C93E212C8829E00091A1D1 /* Build configuration list for PBXNativeTarget "WSRExampleTests" */ = {
			isa = XCConfigurationList;
			buildConfigurations = (
				A2C93E222C8829E00091A1D1 /* Debug */,
				A2C93E232C8829E00091A1D1 /* Release */,
			);
			defaultConfigurationIsVisible = 0;
			defaultConfigurationName = Release;
		};
		A2C93E242C8829E00091A1D1 /* Build configuration list for PBXNativeTarget "WSRExampleUITests" */ = {
			isa = XCConfigurationList;
			buildConfigurations = (
				A2C93E252C8829E00091A1D1 /* Debug */,
				A2C93E262C8829E00091A1D1 /* Release */,
			);
			defaultConfigurationIsVisible = 0;
			defaultConfigurationName = Release;
		};
/* End XCConfigurationList section */

/* Begin XCRemoteSwiftPackageReference section */
		A2A99BB92C8AC80F00215A9A /* XCRemoteSwiftPackageReference "wsr" */ = {
			isa = XCRemoteSwiftPackageReference;
			repositoryURL = "https://github.com/wilyamx/wsr.git";
			requirement = {
				branch = develop;
				kind = branch;
			};
		};
		A2CBE1482C89592E00C677E0 /* XCRemoteSwiftPackageReference "SuperEasyLayout" */ = {
			isa = XCRemoteSwiftPackageReference;
			repositoryURL = "https://github.com/doil6317/SuperEasyLayout.git";
			requirement = {
				kind = upToNextMajorVersion;
				minimumVersion = 0.3.0;
			};
		};
/* End XCRemoteSwiftPackageReference section */

/* Begin XCSwiftPackageProductDependency section */
		A2A99BBA2C8AC80F00215A9A /* WSRComponents */ = {
			isa = XCSwiftPackageProductDependency;
			package = A2A99BB92C8AC80F00215A9A /* XCRemoteSwiftPackageReference "wsr" */;
			productName = WSRComponents;
		};
		A2A99BBC2C8AC80F00215A9A /* WSRNetworking */ = {
			isa = XCSwiftPackageProductDependency;
			package = A2A99BB92C8AC80F00215A9A /* XCRemoteSwiftPackageReference "wsr" */;
			productName = WSRNetworking;
		};
		A2A99BBE2C8ACEB700215A9A /* WSRUtils */ = {
			isa = XCSwiftPackageProductDependency;
			package = A2A99BB92C8AC80F00215A9A /* XCRemoteSwiftPackageReference "wsr" */;
			productName = WSRUtils;
		};
		A2CBE1492C89592E00C677E0 /* SuperEasyLayout */ = {
			isa = XCSwiftPackageProductDependency;
			package = A2CBE1482C89592E00C677E0 /* XCRemoteSwiftPackageReference "SuperEasyLayout" */;
			productName = SuperEasyLayout;
		};
/* End XCSwiftPackageProductDependency section */
	};
	rootObject = A2C93DEC2C8829DE0091A1D1 /* Project object */;
}
