{
  "pins" : [
    {
      "identity" : "keychainaccess",
      "kind" : "remoteSourceControl",
      "location" : "https://github.com/kishikawakatsumi/KeychainAccess.git",
      "state" : {
        "revision" : "84e546727d66f1adc5439debad16270d0fdd04e7",
        "version" : "4.2.2"
      }
    },
    {
      "identity" : "lottie-ios",
      "kind" : "remoteSourceControl",
      "location" : "https://github.com/airbnb/lottie-ios",
      "state" : {
        "revision" : "fe4c6fe3a0aa66cdeb51d549623c82ca9704b9a5",
        "version" : "4.5.0"
      }
    },
    {
      "identity" : "supereasylayout",
      "kind" : "remoteSourceControl",
      "location" : "https://github.com/doil6317/SuperEasyLayout.git",
      "state" : {
        "revision" : "0d2a9111aa62e6f2b2a3bb70e526e5cf00e9f8f6",
        "version" : "0.3.0"
      }
    },
    {
      "identity" : "wsr",
      "kind" : "remoteSourceControl",
      "location" : "https://github.com/wilyamx/wsr.git",
      "state" : {
        "branch" : "develop",
        "revision" : "4ff806015b6de8e716fad5c879a42756af57b0e6"
      }
    }
  ],
  "version" : 2
}
