{
  "pins" : [
    {
      "identity" : "lottie-ios",
      "kind" : "remoteSourceControl",
      "location" : "https://github.com/airbnb/lottie-ios",
      "state" : {
        "revision" : "fe4c6fe3a0aa66cdeb51d549623c82ca9704b9a5",
        "version" : "4.5.0"
      }
    },
    {
      "identity" : "supereasylayout",
      "kind" : "remoteSourceControl",
      "location" : "https://github.com/doil6317/SuperEasyLayout.git",
      "state" : {
        "revision" : "0d2a9111aa62e6f2b2a3bb70e526e5cf00e9f8f6",
        "version" : "0.3.0"
      }
    },
    {
      "identity" : "wsr",
      "kind" : "remoteSourceControl",
      "location" : "https://github.com/wilyamx/wsr.git",
      "state" : {
        "branch" : "develop",
        "revision" : "4878313ab2246d7865964669ff5d6d401e1e85e0"
      }
    }
  ],
  "version" : 2
}
