// !$*UTF8*$!
{
	archiveVersion = 1;
	classes = {
	};
	objectVersion = 50;
	objects = {

/* Begin PBXBuildFile section */
		A2D3608726319EB000A244AD /* AppDelegate.swift in Sources */ = {isa = PBXBuildFile; fileRef = A2D3608626319EB000A244AD /* AppDelegate.swift */; };
		A2D3608926319EB000A244AD /* SceneDelegate.swift in Sources */ = {isa = PBXBuildFile; fileRef = A2D3608826319EB000A244AD /* SceneDelegate.swift */; };
		A2D3608B26319EB000A244AD /* ViewController.swift in Sources */ = {isa = PBXBuildFile; fileRef = A2D3608A26319EB000A244AD /* ViewController.swift */; };
		A2D3608E26319EB000A244AD /* Main.storyboard in Resources */ = {isa = PBXBuildFile; fileRef = A2D3608C26319EB000A244AD /* Main.storyboard */; };
		A2D3609126319EB000A244AD /* Libraries.xcdatamodeld in Sources */ = {isa = PBXBuildFile; fileRef = A2D3608F26319EB000A244AD /* Libraries.xcdatamodeld */; };
		A2D3609326319EB200A244AD /* Assets.xcassets in Resources */ = {isa = PBXBuildFile; fileRef = A2D3609226319EB200A244AD /* Assets.xcassets */; };
		A2D3609626319EB200A244AD /* LaunchScreen.storyboard in Resources */ = {isa = PBXBuildFile; fileRef = A2D3609426319EB200A244AD /* LaunchScreen.storyboard */; };
		A2D360A126319EB200A244AD /* LibrariesTests.swift in Sources */ = {isa = PBXBuildFile; fileRef = A2D360A026319EB200A244AD /* LibrariesTests.swift */; };
		A2D360AC26319EB200A244AD /* LibrariesUITests.swift in Sources */ = {isa = PBXBuildFile; fileRef = A2D360AB26319EB200A244AD /* LibrariesUITests.swift */; };
/* End PBXBuildFile section */

/* Begin PBXContainerItemProxy section */
		A2D3609D26319EB200A244AD /* PBXContainerItemProxy */ = {
			isa = PBXContainerItemProxy;
			containerPortal = A2D3607B26319EB000A244AD /* Project object */;
			proxyType = 1;
			remoteGlobalIDString = A2D3608226319EB000A244AD;
			remoteInfo = Libraries;
		};
		A2D360A826319EB200A244AD /* PBXContainerItemProxy */ = {
			isa = PBXContainerItemProxy;
			containerPortal = A2D3607B26319EB000A244AD /* Project object */;
			proxyType = 1;
			remoteGlobalIDString = A2D3608226319EB000A244AD;
			remoteInfo = Libraries;
		};
/* End PBXContainerItemProxy section */

/* Begin PBXFileReference section */
		A2D3608326319EB000A244AD /* Libraries.app */ = {isa = PBXFileReference; explicitFileType = wrapper.application; includeInIndex = 0; path = Libraries.app; sourceTree = BUILT_PRODUCTS_DIR; };
		A2D3608626319EB000A244AD /* AppDelegate.swift */ = {isa = PBXFileReference; lastKnownFileType = sourcecode.swift; path = AppDelegate.swift; sourceTree = "<group>"; };
		A2D3608826319EB000A244AD /* SceneDelegate.swift */ = {isa = PBXFileReference; lastKnownFileType = sourcecode.swift; path = SceneDelegate.swift; sourceTree = "<group>"; };
		A2D3608A26319EB000A244AD /* ViewController.swift */ = {isa = PBXFileReference; lastKnownFileType = sourcecode.swift; path = ViewController.swift; sourceTree = "<group>"; };
		A2D3608D26319EB000A244AD /* Base */ = {isa = PBXFileReference; lastKnownFileType = file.storyboard; name = Base; path = Base.lproj/Main.storyboard; sourceTree = "<group>"; };
		A2D3609026319EB000A244AD /* Libraries.xcdatamodel */ = {isa = PBXFileReference; lastKnownFileType = wrapper.xcdatamodel; path = Libraries.xcdatamodel; sourceTree = "<group>"; };
		A2D3609226319EB200A244AD /* Assets.xcassets */ = {isa = PBXFileReference; lastKnownFileType = folder.assetcatalog; path = Assets.xcassets; sourceTree = "<group>"; };
		A2D3609526319EB200A244AD /* Base */ = {isa = PBXFileReference; lastKnownFileType = file.storyboard; name = Base; path = Base.lproj/LaunchScreen.storyboard; sourceTree = "<group>"; };
		A2D3609726319EB200A244AD /* Info.plist */ = {isa = PBXFileReference; lastKnownFileType = text.plist.xml; path = Info.plist; sourceTree = "<group>"; };
		A2D3609C26319EB200A244AD /* LibrariesTests.xctest */ = {isa = PBXFileReference; explicitFileType = wrapper.cfbundle; includeInIndex = 0; path = LibrariesTests.xctest; sourceTree = BUILT_PRODUCTS_DIR; };
		A2D360A026319EB200A244AD /* LibrariesTests.swift */ = {isa = PBXFileReference; lastKnownFileType = sourcecode.swift; path = LibrariesTests.swift; sourceTree = "<group>"; };
		A2D360A226319EB200A244AD /* Info.plist */ = {isa = PBXFileReference; lastKnownFileType = text.plist.xml; path = Info.plist; sourceTree = "<group>"; };
		A2D360A726319EB200A244AD /* LibrariesUITests.xctest */ = {isa = PBXFileReference; explicitFileType = wrapper.cfbundle; includeInIndex = 0; path = LibrariesUITests.xctest; sourceTree = BUILT_PRODUCTS_DIR; };
		A2D360AB26319EB200A244AD /* LibrariesUITests.swift */ = {isa = PBXFileReference; lastKnownFileType = sourcecode.swift; path = LibrariesUITests.swift; sourceTree = "<group>"; };
		A2D360AD26319EB200A244AD /* Info.plist */ = {isa = PBXFileReference; lastKnownFileType = text.plist.xml; path = Info.plist; sourceTree = "<group>"; };
/* End PBXFileReference section */

/* Begin PBXFrameworksBuildPhase section */
		A2D3608026319EB000A244AD /* Frameworks */ = {
			isa = PBXFrameworksBuildPhase;
			buildActionMask = 2147483647;
			files = (
			);
			runOnlyForDeploymentPostprocessing = 0;
		};
		A2D3609926319EB200A244AD /* Frameworks */ = {
			isa = PBXFrameworksBuildPhase;
			buildActionMask = 2147483647;
			files = (
			);
			runOnlyForDeploymentPostprocessing = 0;
		};
		A2D360A426319EB200A244AD /* Frameworks */ = {
			isa = PBXFrameworksBuildPhase;
			buildActionMask = 2147483647;
			files = (
			);
			runOnlyForDeploymentPostprocessing = 0;
		};
/* End PBXFrameworksBuildPhase section */

/* Begin PBXGroup section */
		A2D3607A26319EB000A244AD = {
			isa = PBXGroup;
			children = (
				A2D3608526319EB000A244AD /* Libraries */,
				A2D3609F26319EB200A244AD /* LibrariesTests */,
				A2D360AA26319EB200A244AD /* LibrariesUITests */,
				A2D3608426319EB000A244AD /* Products */,
			);
			sourceTree = "<group>";
		};
		A2D3608426319EB000A244AD /* Products */ = {
			isa = PBXGroup;
			children = (
				A2D3608326319EB000A244AD /* Libraries.app */,
				A2D3609C26319EB200A244AD /* LibrariesTests.xctest */,
				A2D360A726319EB200A244AD /* LibrariesUITests.xctest */,
			);
			name = Products;
			sourceTree = "<group>";
		};
		A2D3608526319EB000A244AD /* Libraries */ = {
			isa = PBXGroup;
			children = (
				A2D3608626319EB000A244AD /* AppDelegate.swift */,
				A2D3608826319EB000A244AD /* SceneDelegate.swift */,
				A2D3608A26319EB000A244AD /* ViewController.swift */,
				A2D3608C26319EB000A244AD /* Main.storyboard */,
				A2D3609226319EB200A244AD /* Assets.xcassets */,
				A2D3609426319EB200A244AD /* LaunchScreen.storyboard */,
				A2D3609726319EB200A244AD /* Info.plist */,
				A2D3608F26319EB000A244AD /* Libraries.xcdatamodeld */,
			);
			path = Libraries;
			sourceTree = "<group>";
		};
		A2D3609F26319EB200A244AD /* LibrariesTests */ = {
			isa = PBXGroup;
			children = (
				A2D360A026319EB200A244AD /* LibrariesTests.swift */,
				A2D360A226319EB200A244AD /* Info.plist */,
			);
			path = LibrariesTests;
			sourceTree = "<group>";
		};
		A2D360AA26319EB200A244AD /* LibrariesUITests */ = {
			isa = PBXGroup;
			children = (
				A2D360AB26319EB200A244AD /* LibrariesUITests.swift */,
				A2D360AD26319EB200A244AD /* Info.plist */,
			);
			path = LibrariesUITests;
			sourceTree = "<group>";
		};
/* End PBXGroup section */

/* Begin PBXNativeTarget section */
		A2D3608226319EB000A244AD /* Libraries */ = {
			isa = PBXNativeTarget;
			buildConfigurationList = A2D360B026319EB200A244AD /* Build configuration list for PBXNativeTarget "Libraries" */;
			buildPhases = (
				A2D3607F26319EB000A244AD /* Sources */,
				A2D3608026319EB000A244AD /* Frameworks */,
				A2D3608126319EB000A244AD /* Resources */,
			);
			buildRules = (
			);
			dependencies = (
			);
			name = Libraries;
			productName = Libraries;
			productReference = A2D3608326319EB000A244AD /* Libraries.app */;
			productType = "com.apple.product-type.application";
		};
		A2D3609B26319EB200A244AD /* LibrariesTests */ = {
			isa = PBXNativeTarget;
			buildConfigurationList = A2D360B326319EB200A244AD /* Build configuration list for PBXNativeTarget "LibrariesTests" */;
			buildPhases = (
				A2D3609826319EB200A244AD /* Sources */,
				A2D3609926319EB200A244AD /* Frameworks */,
				A2D3609A26319EB200A244AD /* Resources */,
			);
			buildRules = (
			);
			dependencies = (
				A2D3609E26319EB200A244AD /* PBXTargetDependency */,
			);
			name = LibrariesTests;
			productName = LibrariesTests;
			productReference = A2D3609C26319EB200A244AD /* LibrariesTests.xctest */;
			productType = "com.apple.product-type.bundle.unit-test";
		};
		A2D360A626319EB200A244AD /* LibrariesUITests */ = {
			isa = PBXNativeTarget;
			buildConfigurationList = A2D360B626319EB200A244AD /* Build configuration list for PBXNativeTarget "LibrariesUITests" */;
			buildPhases = (
				A2D360A326319EB200A244AD /* Sources */,
				A2D360A426319EB200A244AD /* Frameworks */,
				A2D360A526319EB200A244AD /* Resources */,
			);
			buildRules = (
			);
			dependencies = (
				A2D360A926319EB200A244AD /* PBXTargetDependency */,
			);
			name = LibrariesUITests;
			productName = LibrariesUITests;
			productReference = A2D360A726319EB200A244AD /* LibrariesUITests.xctest */;
			productType = "com.apple.product-type.bundle.ui-testing";
		};
/* End PBXNativeTarget section */

/* Begin PBXProject section */
		A2D3607B26319EB000A244AD /* Project object */ = {
			isa = PBXProject;
			attributes = {
				LastSwiftUpdateCheck = 1230;
				LastUpgradeCheck = 1230;
				TargetAttributes = {
					A2D3608226319EB000A244AD = {
						CreatedOnToolsVersion = 12.3;
					};
					A2D3609B26319EB200A244AD = {
						CreatedOnToolsVersion = 12.3;
						TestTargetID = A2D3608226319EB000A244AD;
					};
					A2D360A626319EB200A244AD = {
						CreatedOnToolsVersion = 12.3;
						TestTargetID = A2D3608226319EB000A244AD;
					};
				};
			};
			buildConfigurationList = A2D3607E26319EB000A244AD /* Build configuration list for PBXProject "Libraries" */;
			compatibilityVersion = "Xcode 9.3";
			developmentRegion = en;
			hasScannedForEncodings = 0;
			knownRegions = (
				en,
				Base,
			);
			mainGroup = A2D3607A26319EB000A244AD;
			productRefGroup = A2D3608426319EB000A244AD /* Products */;
			projectDirPath = "";
			projectRoot = "";
			targets = (
				A2D3608226319EB000A244AD /* Libraries */,
				A2D3609B26319EB200A244AD /* LibrariesTests */,
				A2D360A626319EB200A244AD /* LibrariesUITests */,
			);
		};
/* End PBXProject section */

/* Begin PBXResourcesBuildPhase section */
		A2D3608126319EB000A244AD /* Resources */ = {
			isa = PBXResourcesBuildPhase;
			buildActionMask = 2147483647;
			files = (
				A2D3609626319EB200A244AD /* LaunchScreen.storyboard in Resources */,
				A2D3609326319EB200A244AD /* Assets.xcassets in Resources */,
				A2D3608E26319EB000A244AD /* Main.storyboard in Resources */,
			);
			runOnlyForDeploymentPostprocessing = 0;
		};
		A2D3609A26319EB200A244AD /* Resources */ = {
			isa = PBXResourcesBuildPhase;
			buildActionMask = 2147483647;
			files = (
			);
			runOnlyForDeploymentPostprocessing = 0;
		};
		A2D360A526319EB200A244AD /* Resources */ = {
			isa = PBXResourcesBuildPhase;
			buildActionMask = 2147483647;
			files = (
			);
			runOnlyForDeploymentPostprocessing = 0;
		};
/* End PBXResourcesBuildPhase section */

/* Begin PBXSourcesBuildPhase section */
		A2D3607F26319EB000A244AD /* Sources */ = {
			isa = PBXSourcesBuildPhase;
			buildActionMask = 2147483647;
			files = (
				A2D3608B26319EB000A244AD /* ViewController.swift in Sources */,
				A2D3608726319EB000A244AD /* AppDelegate.swift in Sources */,
				A2D3608926319EB000A244AD /* SceneDelegate.swift in Sources */,
				A2D3609126319EB000A244AD /* Libraries.xcdatamodeld in Sources */,
			);
			runOnlyForDeploymentPostprocessing = 0;
		};
		A2D3609826319EB200A244AD /* Sources */ = {
			isa = PBXSourcesBuildPhase;
			buildActionMask = 2147483647;
			files = (
				A2D360A126319EB200A244AD /* LibrariesTests.swift in Sources */,
			);
			runOnlyForDeploymentPostprocessing = 0;
		};
		A2D360A326319EB200A244AD /* Sources */ = {
			isa = PBXSourcesBuildPhase;
			buildActionMask = 2147483647;
			files = (
				A2D360AC26319EB200A244AD /* LibrariesUITests.swift in Sources */,
			);
			runOnlyForDeploymentPostprocessing = 0;
		};
/* End PBXSourcesBuildPhase section */

/* Begin PBXTargetDependency section */
		A2D3609E26319EB200A244AD /* PBXTargetDependency */ = {
			isa = PBXTargetDependency;
			target = A2D3608226319EB000A244AD /* Libraries */;
			targetProxy = A2D3609D26319EB200A244AD /* PBXContainerItemProxy */;
		};
		A2D360A926319EB200A244AD /* PBXTargetDependency */ = {
			isa = PBXTargetDependency;
			target = A2D3608226319EB000A244AD /* Libraries */;
			targetProxy = A2D360A826319EB200A244AD /* PBXContainerItemProxy */;
		};
/* End PBXTargetDependency section */

/* Begin PBXVariantGroup section */
		A2D3608C26319EB000A244AD /* Main.storyboard */ = {
			isa = PBXVariantGroup;
			children = (
				A2D3608D26319EB000A244AD /* Base */,
			);
			name = Main.storyboard;
			sourceTree = "<group>";
		};
		A2D3609426319EB200A244AD /* LaunchScreen.storyboard */ = {
			isa = PBXVariantGroup;
			children = (
				A2D3609526319EB200A244AD /* Base */,
			);
			name = LaunchScreen.storyboard;
			sourceTree = "<group>";
		};
/* End PBXVariantGroup section */

/* Begin XCBuildConfiguration section */
		A2D360AE26319EB200A244AD /* Debug */ = {
			isa = XCBuildConfiguration;
			buildSettings = {
				ALWAYS_SEARCH_USER_PATHS = NO;
				CLANG_ANALYZER_NONNULL = YES;
				CLANG_ANALYZER_NUMBER_OBJECT_CONVERSION = YES_AGGRESSIVE;
				CLANG_CXX_LANGUAGE_STANDARD = "gnu++14";
				CLANG_CXX_LIBRARY = "libc++";
				CLANG_ENABLE_MODULES = YES;
				CLANG_ENABLE_OBJC_ARC = YES;
				CLANG_ENABLE_OBJC_WEAK = YES;
				CLANG_WARN_BLOCK_CAPTURE_AUTORELEASING = YES;
				CLANG_WARN_BOOL_CONVERSION = YES;
				CLANG_WARN_COMMA = YES;
				CLANG_WARN_CONSTANT_CONVERSION = YES;
				CLANG_WARN_DEPRECATED_OBJC_IMPLEMENTATIONS = YES;
				CLANG_WARN_DIRECT_OBJC_ISA_USAGE = YES_ERROR;
				CLANG_WARN_DOCUMENTATION_COMMENTS = YES;
				CLANG_WARN_EMPTY_BODY = YES;
				CLANG_WARN_ENUM_CONVERSION = YES;
				CLANG_WARN_INFINITE_RECURSION = YES;
				CLANG_WARN_INT_CONVERSION = YES;
				CLANG_WARN_NON_LITERAL_NULL_CONVERSION = YES;
				CLANG_WARN_OBJC_IMPLICIT_RETAIN_SELF = YES;
				CLANG_WARN_OBJC_LITERAL_CONVERSION = YES;
				CLANG_WARN_OBJC_ROOT_CLASS = YES_ERROR;
				CLANG_WARN_QUOTED_INCLUDE_IN_FRAMEWORK_HEADER = YES;
				CLANG_WARN_RANGE_LOOP_ANALYSIS = YES;
				CLANG_WARN_STRICT_PROTOTYPES = YES;
				CLANG_WARN_SUSPICIOUS_MOVE = YES;
				CLANG_WARN_UNGUARDED_AVAILABILITY = YES_AGGRESSIVE;
				CLANG_WARN_UNREACHABLE_CODE = YES;
				CLANG_WARN__DUPLICATE_METHOD_MATCH = YES;
				COPY_PHASE_STRIP = NO;
				DEBUG_INFORMATION_FORMAT = dwarf;
				ENABLE_STRICT_OBJC_MSGSEND = YES;
				ENABLE_TESTABILITY = YES;
				GCC_C_LANGUAGE_STANDARD = gnu11;
				GCC_DYNAMIC_NO_PIC = NO;
				GCC_NO_COMMON_BLOCKS = YES;
				GCC_OPTIMIZATION_LEVEL = 0;
				GCC_PREPROCESSOR_DEFINITIONS = (
					"DEBUG=1",
					"$(inherited)",
				);
				GCC_WARN_64_TO_32_BIT_CONVERSION = YES;
				GCC_WARN_ABOUT_RETURN_TYPE = YES_ERROR;
				GCC_WARN_UNDECLARED_SELECTOR = YES;
				GCC_WARN_UNINITIALIZED_AUTOS = YES_AGGRESSIVE;
				GCC_WARN_UNUSED_FUNCTION = YES;
				GCC_WARN_UNUSED_VARIABLE = YES;
				IPHONEOS_DEPLOYMENT_TARGET = 14.3;
				MTL_ENABLE_DEBUG_INFO = INCLUDE_SOURCE;
				MTL_FAST_MATH = YES;
				ONLY_ACTIVE_ARCH = YES;
				SDKROOT = iphoneos;
				SWIFT_ACTIVE_COMPILATION_CONDITIONS = DEBUG;
				SWIFT_OPTIMIZATION_LEVEL = "-Onone";
			};
			name = Debug;
		};
		A2D360AF26319EB200A244AD /* Release */ = {
			isa = XCBuildConfiguration;
			buildSettings = {
				ALWAYS_SEARCH_USER_PATHS = NO;
				CLANG_ANALYZER_NONNULL = YES;
				CLANG_ANALYZER_NUMBER_OBJECT_CONVERSION = YES_AGGRESSIVE;
				CLANG_CXX_LANGUAGE_STANDARD = "gnu++14";
				CLANG_CXX_LIBRARY = "libc++";
				CLANG_ENABLE_MODULES = YES;
				CLANG_ENABLE_OBJC_ARC = YES;
				CLANG_ENABLE_OBJC_WEAK = YES;
				CLANG_WARN_BLOCK_CAPTURE_AUTORELEASING = YES;
				CLANG_WARN_BOOL_CONVERSION = YES;
				CLANG_WARN_COMMA = YES;
				CLANG_WARN_CONSTANT_CONVERSION = YES;
				CLANG_WARN_DEPRECATED_OBJC_IMPLEMENTATIONS = YES;
				CLANG_WARN_DIRECT_OBJC_ISA_USAGE = YES_ERROR;
				CLANG_WARN_DOCUMENTATION_COMMENTS = YES;
				CLANG_WARN_EMPTY_BODY = YES;
				CLANG_WARN_ENUM_CONVERSION = YES;
				CLANG_WARN_INFINITE_RECURSION = YES;
				CLANG_WARN_INT_CONVERSION = YES;
				CLANG_WARN_NON_LITERAL_NULL_CONVERSION = YES;
				CLANG_WARN_OBJC_IMPLICIT_RETAIN_SELF = YES;
				CLANG_WARN_OBJC_LITERAL_CONVERSION = YES;
				CLANG_WARN_OBJC_ROOT_CLASS = YES_ERROR;
				CLANG_WARN_QUOTED_INCLUDE_IN_FRAMEWORK_HEADER = YES;
				CLANG_WARN_RANGE_LOOP_ANALYSIS = YES;
				CLANG_WARN_STRICT_PROTOTYPES = YES;
				CLANG_WARN_SUSPICIOUS_MOVE = YES;
				CLANG_WARN_UNGUARDED_AVAILABILITY = YES_AGGRESSIVE;
				CLANG_WARN_UNREACHABLE_CODE = YES;
				CLANG_WARN__DUPLICATE_METHOD_MATCH = YES;
				COPY_PHASE_STRIP = NO;
				DEBUG_INFORMATION_FORMAT = "dwarf-with-dsym";
				ENABLE_NS_ASSERTIONS = NO;
				ENABLE_STRICT_OBJC_MSGSEND = YES;
				GCC_C_LANGUAGE_STANDARD = gnu11;
				GCC_NO_COMMON_BLOCKS = YES;
				GCC_WARN_64_TO_32_BIT_CONVERSION = YES;
				GCC_WARN_ABOUT_RETURN_TYPE = YES_ERROR;
				GCC_WARN_UNDECLARED_SELECTOR = YES;
				GCC_WARN_UNINITIALIZED_AUTOS = YES_AGGRESSIVE;
				GCC_WARN_UNUSED_FUNCTION = YES;
				GCC_WARN_UNUSED_VARIABLE = YES;
				IPHONEOS_DEPLOYMENT_TARGET = 14.3;
				MTL_ENABLE_DEBUG_INFO = NO;
				MTL_FAST_MATH = YES;
				SDKROOT = iphoneos;
				SWIFT_COMPILATION_MODE = wholemodule;
				SWIFT_OPTIMIZATION_LEVEL = "-O";
				VALIDATE_PRODUCT = YES;
			};
			name = Release;
		};
		A2D360B126319EB200A244AD /* Debug */ = {
			isa = XCBuildConfiguration;
			buildSettings = {
				ASSETCATALOG_COMPILER_APPICON_NAME = AppIcon;
				ASSETCATALOG_COMPILER_GLOBAL_ACCENT_COLOR_NAME = AccentColor;
				CODE_SIGN_STYLE = Automatic;
				INFOPLIST_FILE = Libraries/Info.plist;
				LD_RUNPATH_SEARCH_PATHS = (
					"$(inherited)",
					"@executable_path/Frameworks",
				);
				PRODUCT_BUNDLE_IDENTIFIER = com.wsr.Libraries;
				PRODUCT_NAME = "$(TARGET_NAME)";
				SWIFT_VERSION = 5.0;
				TARGETED_DEVICE_FAMILY = "1,2";
			};
			name = Debug;
		};
		A2D360B226319EB200A244AD /* Release */ = {
			isa = XCBuildConfiguration;
			buildSettings = {
				ASSETCATALOG_COMPILER_APPICON_NAME = AppIcon;
				ASSETCATALOG_COMPILER_GLOBAL_ACCENT_COLOR_NAME = AccentColor;
				CODE_SIGN_STYLE = Automatic;
				INFOPLIST_FILE = Libraries/Info.plist;
				LD_RUNPATH_SEARCH_PATHS = (
					"$(inherited)",
					"@executable_path/Frameworks",
				);
				PRODUCT_BUNDLE_IDENTIFIER = com.wsr.Libraries;
				PRODUCT_NAME = "$(TARGET_NAME)";
				SWIFT_VERSION = 5.0;
				TARGETED_DEVICE_FAMILY = "1,2";
			};
			name = Release;
		};
		A2D360B426319EB200A244AD /* Debug */ = {
			isa = XCBuildConfiguration;
			buildSettings = {
				ALWAYS_EMBED_SWIFT_STANDARD_LIBRARIES = YES;
				BUNDLE_LOADER = "$(TEST_HOST)";
				CODE_SIGN_STYLE = Automatic;
				INFOPLIST_FILE = LibrariesTests/Info.plist;
				IPHONEOS_DEPLOYMENT_TARGET = 14.3;
				LD_RUNPATH_SEARCH_PATHS = (
					"$(inherited)",
					"@executable_path/Frameworks",
					"@loader_path/Frameworks",
				);
				PRODUCT_BUNDLE_IDENTIFIER = com.wsr.LibrariesTests;
				PRODUCT_NAME = "$(TARGET_NAME)";
				SWIFT_VERSION = 5.0;
				TARGETED_DEVICE_FAMILY = "1,2";
				TEST_HOST = "$(BUILT_PRODUCTS_DIR)/Libraries.app/Libraries";
			};
			name = Debug;
		};
		A2D360B526319EB200A244AD /* Release */ = {
			isa = XCBuildConfiguration;
			buildSettings = {
				ALWAYS_EMBED_SWIFT_STANDARD_LIBRARIES = YES;
				BUNDLE_LOADER = "$(TEST_HOST)";
				CODE_SIGN_STYLE = Automatic;
				INFOPLIST_FILE = LibrariesTests/Info.plist;
				IPHONEOS_DEPLOYMENT_TARGET = 14.3;
				LD_RUNPATH_SEARCH_PATHS = (
					"$(inherited)",
					"@executable_path/Frameworks",
					"@loader_path/Frameworks",
				);
				PRODUCT_BUNDLE_IDENTIFIER = com.wsr.LibrariesTests;
				PRODUCT_NAME = "$(TARGET_NAME)";
				SWIFT_VERSION = 5.0;
				TARGETED_DEVICE_FAMILY = "1,2";
				TEST_HOST = "$(BUILT_PRODUCTS_DIR)/Libraries.app/Libraries";
			};
			name = Release;
		};
		A2D360B726319EB200A244AD /* Debug */ = {
			isa = XCBuildConfiguration;
			buildSettings = {
				ALWAYS_EMBED_SWIFT_STANDARD_LIBRARIES = YES;
				CODE_SIGN_STYLE = Automatic;
				INFOPLIST_FILE = LibrariesUITests/Info.plist;
				LD_RUNPATH_SEARCH_PATHS = (
					"$(inherited)",
					"@executable_path/Frameworks",
					"@loader_path/Frameworks",
				);
				PRODUCT_BUNDLE_IDENTIFIER = com.wsr.LibrariesUITests;
				PRODUCT_NAME = "$(TARGET_NAME)";
				SWIFT_VERSION = 5.0;
				TARGETED_DEVICE_FAMILY = "1,2";
				TEST_TARGET_NAME = Libraries;
			};
			name = Debug;
		};
		A2D360B826319EB200A244AD /* Release */ = {
			isa = XCBuildConfiguration;
			buildSettings = {
				ALWAYS_EMBED_SWIFT_STANDARD_LIBRARIES = YES;
				CODE_SIGN_STYLE = Automatic;
				INFOPLIST_FILE = LibrariesUITests/Info.plist;
				LD_RUNPATH_SEARCH_PATHS = (
					"$(inherited)",
					"@executable_path/Frameworks",
					"@loader_path/Frameworks",
				);
				PRODUCT_BUNDLE_IDENTIFIER = com.wsr.LibrariesUITests;
				PRODUCT_NAME = "$(TARGET_NAME)";
				SWIFT_VERSION = 5.0;
				TARGETED_DEVICE_FAMILY = "1,2";
				TEST_TARGET_NAME = Libraries;
			};
			name = Release;
		};
/* End XCBuildConfiguration section */

/* Begin XCConfigurationList section */
		A2D3607E26319EB000A244AD /* Build configuration list for PBXProject "Libraries" */ = {
			isa = XCConfigurationList;
			buildConfigurations = (
				A2D360AE26319EB200A244AD /* Debug */,
				A2D360AF26319EB200A244AD /* Release */,
			);
			defaultConfigurationIsVisible = 0;
			defaultConfigurationName = Release;
		};
		A2D360B026319EB200A244AD /* Build configuration list for PBXNativeTarget "Libraries" */ = {
			isa = XCConfigurationList;
			buildConfigurations = (
				A2D360B126319EB200A244AD /* Debug */,
				A2D360B226319EB200A244AD /* Release */,
			);
			defaultConfigurationIsVisible = 0;
			defaultConfigurationName = Release;
		};
		A2D360B326319EB200A244AD /* Build configuration list for PBXNativeTarget "LibrariesTests" */ = {
			isa = XCConfigurationList;
			buildConfigurations = (
				A2D360B426319EB200A244AD /* Debug */,
				A2D360B526319EB200A244AD /* Release */,
			);
			defaultConfigurationIsVisible = 0;
			defaultConfigurationName = Release;
		};
		A2D360B626319EB200A244AD /* Build configuration list for PBXNativeTarget "LibrariesUITests" */ = {
			isa = XCConfigurationList;
			buildConfigurations = (
				A2D360B726319EB200A244AD /* Debug */,
				A2D360B826319EB200A244AD /* Release */,
			);
			defaultConfigurationIsVisible = 0;
			defaultConfigurationName = Release;
		};
/* End XCConfigurationList section */

/* Begin XCVersionGroup section */
		A2D3608F26319EB000A244AD /* Libraries.xcdatamodeld */ = {
			isa = XCVersionGroup;
			children = (
				A2D3609026319EB000A244AD /* Libraries.xcdatamodel */,
			);
			currentVersion = A2D3609026319EB000A244AD /* Libraries.xcdatamodel */;
			path = Libraries.xcdatamodeld;
			sourceTree = "<group>";
			versionGroupType = wrapper.xcdatamodel;
		};
/* End XCVersionGroup section */
	};
	rootObject = A2D3607B26319EB000A244AD /* Project object */;
}
