// !$*UTF8*$!
{
	archiveVersion = 1;
	classes = {
	};
	objectVersion = 51;
	objects = {

/* Begin PBXBuildFile section */
		1BBFDF5A8A6B00AE80490903 /* Pods_Libraries_LibrariesUITests.framework in Frameworks */ = {isa = PBXBuildFile; fileRef = B7A24D6504ADCAE97059DB39 /* Pods_Libraries_LibrariesUITests.framework */; };
		A277BA262631A13E00255019 /* AppDelegate.swift in Sources */ = {isa = PBXBuildFile; fileRef = A277BA252631A13E00255019 /* AppDelegate.swift */; };
		A277BA282631A13E00255019 /* SceneDelegate.swift in Sources */ = {isa = PBXBuildFile; fileRef = A277BA272631A13E00255019 /* SceneDelegate.swift */; };
		A277BA2A2631A13E00255019 /* ViewController.swift in Sources */ = {isa = PBXBuildFile; fileRef = A277BA292631A13E00255019 /* ViewController.swift */; };
		A277BA2D2631A13E00255019 /* Main.storyboard in Resources */ = {isa = PBXBuildFile; fileRef = A277BA2B2631A13E00255019 /* Main.storyboard */; };
		A277BA302631A13E00255019 /* Libraries.xcdatamodeld in Sources */ = {isa = PBXBuildFile; fileRef = A277BA2E2631A13E00255019 /* Libraries.xcdatamodeld */; };
		A277BA322631A13F00255019 /* Assets.xcassets in Resources */ = {isa = PBXBuildFile; fileRef = A277BA312631A13F00255019 /* Assets.xcassets */; };
		A277BA352631A13F00255019 /* LaunchScreen.storyboard in Resources */ = {isa = PBXBuildFile; fileRef = A277BA332631A13F00255019 /* LaunchScreen.storyboard */; };
		A277BA402631A13F00255019 /* LibrariesTests.swift in Sources */ = {isa = PBXBuildFile; fileRef = A277BA3F2631A13F00255019 /* LibrariesTests.swift */; };
		A277BA4B2631A13F00255019 /* LibrariesUITests.swift in Sources */ = {isa = PBXBuildFile; fileRef = A277BA4A2631A13F00255019 /* LibrariesUITests.swift */; };
		B0098060CCA19ABE4270E5AB /* Pods_LibrariesTests.framework in Frameworks */ = {isa = PBXBuildFile; fileRef = AACE27AFE178EF2237FA11B7 /* Pods_LibrariesTests.framework */; };
		B435ED2691DA6FF10227004C /* Pods_Libraries.framework in Frameworks */ = {isa = PBXBuildFile; fileRef = 3F060DF32D12B95D5B418202 /* Pods_Libraries.framework */; };
/* End PBXBuildFile section */

/* Begin PBXContainerItemProxy section */
		A277BA3C2631A13F00255019 /* PBXContainerItemProxy */ = {
			isa = PBXContainerItemProxy;
			containerPortal = A277BA1A2631A13E00255019 /* Project object */;
			proxyType = 1;
			remoteGlobalIDString = A277BA212631A13E00255019;
			remoteInfo = Libraries;
		};
		A277BA472631A13F00255019 /* PBXContainerItemProxy */ = {
			isa = PBXContainerItemProxy;
			containerPortal = A277BA1A2631A13E00255019 /* Project object */;
			proxyType = 1;
			remoteGlobalIDString = A277BA212631A13E00255019;
			remoteInfo = Libraries;
		};
/* End PBXContainerItemProxy section */

/* Begin PBXFileReference section */
		1135B33BFDB4E635C6AACC46 /* Pods-Libraries-LibrariesUITests.release.xcconfig */ = {isa = PBXFileReference; includeInIndex = 1; lastKnownFileType = text.xcconfig; name = "Pods-Libraries-LibrariesUITests.release.xcconfig"; path = "Target Support Files/Pods-Libraries-LibrariesUITests/Pods-Libraries-LibrariesUITests.release.xcconfig"; sourceTree = "<group>"; };
		226089D67669D1033C8D8998 /* Pods-Libraries.debug.xcconfig */ = {isa = PBXFileReference; includeInIndex = 1; lastKnownFileType = text.xcconfig; name = "Pods-Libraries.debug.xcconfig"; path = "Target Support Files/Pods-Libraries/Pods-Libraries.debug.xcconfig"; sourceTree = "<group>"; };
		3F060DF32D12B95D5B418202 /* Pods_Libraries.framework */ = {isa = PBXFileReference; explicitFileType = wrapper.framework; includeInIndex = 0; path = Pods_Libraries.framework; sourceTree = BUILT_PRODUCTS_DIR; };
		4DCFAA936ECEB41C2E07F8F1 /* Pods-LibrariesTests.release.xcconfig */ = {isa = PBXFileReference; includeInIndex = 1; lastKnownFileType = text.xcconfig; name = "Pods-LibrariesTests.release.xcconfig"; path = "Target Support Files/Pods-LibrariesTests/Pods-LibrariesTests.release.xcconfig"; sourceTree = "<group>"; };
		5016AF799F56597E91EEE478 /* Pods-Libraries.release.xcconfig */ = {isa = PBXFileReference; includeInIndex = 1; lastKnownFileType = text.xcconfig; name = "Pods-Libraries.release.xcconfig"; path = "Target Support Files/Pods-Libraries/Pods-Libraries.release.xcconfig"; sourceTree = "<group>"; };
		628F387FC745FF093BE95E51 /* Pods-Libraries-LibrariesUITests.debug.xcconfig */ = {isa = PBXFileReference; includeInIndex = 1; lastKnownFileType = text.xcconfig; name = "Pods-Libraries-LibrariesUITests.debug.xcconfig"; path = "Target Support Files/Pods-Libraries-LibrariesUITests/Pods-Libraries-LibrariesUITests.debug.xcconfig"; sourceTree = "<group>"; };
		8F6ADFCB5F14A7F3E9BA9480 /* Pods-LibrariesTests.debug.xcconfig */ = {isa = PBXFileReference; includeInIndex = 1; lastKnownFileType = text.xcconfig; name = "Pods-LibrariesTests.debug.xcconfig"; path = "Target Support Files/Pods-LibrariesTests/Pods-LibrariesTests.debug.xcconfig"; sourceTree = "<group>"; };
		A277BA222631A13E00255019 /* Libraries.app */ = {isa = PBXFileReference; explicitFileType = wrapper.application; includeInIndex = 0; path = Libraries.app; sourceTree = BUILT_PRODUCTS_DIR; };
		A277BA252631A13E00255019 /* AppDelegate.swift */ = {isa = PBXFileReference; lastKnownFileType = sourcecode.swift; path = AppDelegate.swift; sourceTree = "<group>"; };
		A277BA272631A13E00255019 /* SceneDelegate.swift */ = {isa = PBXFileReference; lastKnownFileType = sourcecode.swift; path = SceneDelegate.swift; sourceTree = "<group>"; };
		A277BA292631A13E00255019 /* ViewController.swift */ = {isa = PBXFileReference; lastKnownFileType = sourcecode.swift; path = ViewController.swift; sourceTree = "<group>"; };
		A277BA2C2631A13E00255019 /* Base */ = {isa = PBXFileReference; lastKnownFileType = file.storyboard; name = Base; path = Base.lproj/Main.storyboard; sourceTree = "<group>"; };
		A277BA2F2631A13E00255019 /* Libraries.xcdatamodel */ = {isa = PBXFileReference; lastKnownFileType = wrapper.xcdatamodel; path = Libraries.xcdatamodel; sourceTree = "<group>"; };
		A277BA312631A13F00255019 /* Assets.xcassets */ = {isa = PBXFileReference; lastKnownFileType = folder.assetcatalog; path = Assets.xcassets; sourceTree = "<group>"; };
		A277BA342631A13F00255019 /* Base */ = {isa = PBXFileReference; lastKnownFileType = file.storyboard; name = Base; path = Base.lproj/LaunchScreen.storyboard; sourceTree = "<group>"; };
		A277BA362631A13F00255019 /* Info.plist */ = {isa = PBXFileReference; lastKnownFileType = text.plist.xml; path = Info.plist; sourceTree = "<group>"; };
		A277BA3B2631A13F00255019 /* LibrariesTests.xctest */ = {isa = PBXFileReference; explicitFileType = wrapper.cfbundle; includeInIndex = 0; path = LibrariesTests.xctest; sourceTree = BUILT_PRODUCTS_DIR; };
		A277BA3F2631A13F00255019 /* LibrariesTests.swift */ = {isa = PBXFileReference; lastKnownFileType = sourcecode.swift; path = LibrariesTests.swift; sourceTree = "<group>"; };
		A277BA412631A13F00255019 /* Info.plist */ = {isa = PBXFileReference; lastKnownFileType = text.plist.xml; path = Info.plist; sourceTree = "<group>"; };
		A277BA462631A13F00255019 /* LibrariesUITests.xctest */ = {isa = PBXFileReference; explicitFileType = wrapper.cfbundle; includeInIndex = 0; path = LibrariesUITests.xctest; sourceTree = BUILT_PRODUCTS_DIR; };
		A277BA4A2631A13F00255019 /* LibrariesUITests.swift */ = {isa = PBXFileReference; lastKnownFileType = sourcecode.swift; path = LibrariesUITests.swift; sourceTree = "<group>"; };
		A277BA4C2631A13F00255019 /* Info.plist */ = {isa = PBXFileReference; lastKnownFileType = text.plist.xml; path = Info.plist; sourceTree = "<group>"; };
		AACE27AFE178EF2237FA11B7 /* Pods_LibrariesTests.framework */ = {isa = PBXFileReference; explicitFileType = wrapper.framework; includeInIndex = 0; path = Pods_LibrariesTests.framework; sourceTree = BUILT_PRODUCTS_DIR; };
		B7A24D6504ADCAE97059DB39 /* Pods_Libraries_LibrariesUITests.framework */ = {isa = PBXFileReference; explicitFileType = wrapper.framework; includeInIndex = 0; path = Pods_Libraries_LibrariesUITests.framework; sourceTree = BUILT_PRODUCTS_DIR; };
/* End PBXFileReference section */

/* Begin PBXFrameworksBuildPhase section */
		A277BA1F2631A13E00255019 /* Frameworks */ = {
			isa = PBXFrameworksBuildPhase;
			buildActionMask = 2147483647;
			files = (
				B435ED2691DA6FF10227004C /* Pods_Libraries.framework in Frameworks */,
			);
			runOnlyForDeploymentPostprocessing = 0;
		};
		A277BA382631A13F00255019 /* Frameworks */ = {
			isa = PBXFrameworksBuildPhase;
			buildActionMask = 2147483647;
			files = (
				B0098060CCA19ABE4270E5AB /* Pods_LibrariesTests.framework in Frameworks */,
			);
			runOnlyForDeploymentPostprocessing = 0;
		};
		A277BA432631A13F00255019 /* Frameworks */ = {
			isa = PBXFrameworksBuildPhase;
			buildActionMask = 2147483647;
			files = (
				1BBFDF5A8A6B00AE80490903 /* Pods_Libraries_LibrariesUITests.framework in Frameworks */,
			);
			runOnlyForDeploymentPostprocessing = 0;
		};
/* End PBXFrameworksBuildPhase section */

/* Begin PBXGroup section */
		32BB11AB7FBC713C84879F22 /* Pods */ = {
			isa = PBXGroup;
			children = (
				226089D67669D1033C8D8998 /* Pods-Libraries.debug.xcconfig */,
				5016AF799F56597E91EEE478 /* Pods-Libraries.release.xcconfig */,
				628F387FC745FF093BE95E51 /* Pods-Libraries-LibrariesUITests.debug.xcconfig */,
				1135B33BFDB4E635C6AACC46 /* Pods-Libraries-LibrariesUITests.release.xcconfig */,
				8F6ADFCB5F14A7F3E9BA9480 /* Pods-LibrariesTests.debug.xcconfig */,
				4DCFAA936ECEB41C2E07F8F1 /* Pods-LibrariesTests.release.xcconfig */,
			);
			path = Pods;
			sourceTree = "<group>";
		};
		A277BA192631A13E00255019 = {
			isa = PBXGroup;
			children = (
				A277BA242631A13E00255019 /* Libraries */,
				A277BA3E2631A13F00255019 /* LibrariesTests */,
				A277BA492631A13F00255019 /* LibrariesUITests */,
				A277BA232631A13E00255019 /* Products */,
				32BB11AB7FBC713C84879F22 /* Pods */,
				E5E211E7CFE4B63CBA2AC1CB /* Frameworks */,
			);
			sourceTree = "<group>";
		};
		A277BA232631A13E00255019 /* Products */ = {
			isa = PBXGroup;
			children = (
				A277BA222631A13E00255019 /* Libraries.app */,
				A277BA3B2631A13F00255019 /* LibrariesTests.xctest */,
				A277BA462631A13F00255019 /* LibrariesUITests.xctest */,
			);
			name = Products;
			sourceTree = "<group>";
		};
		A277BA242631A13E00255019 /* Libraries */ = {
			isa = PBXGroup;
			children = (
				A277BA252631A13E00255019 /* AppDelegate.swift */,
				A277BA272631A13E00255019 /* SceneDelegate.swift */,
				A277BA292631A13E00255019 /* ViewController.swift */,
				A277BA2B2631A13E00255019 /* Main.storyboard */,
				A277BA312631A13F00255019 /* Assets.xcassets */,
				A277BA332631A13F00255019 /* LaunchScreen.storyboard */,
				A277BA362631A13F00255019 /* Info.plist */,
				A277BA2E2631A13E00255019 /* Libraries.xcdatamodeld */,
			);
			path = Libraries;
			sourceTree = "<group>";
		};
		A277BA3E2631A13F00255019 /* LibrariesTests */ = {
			isa = PBXGroup;
			children = (
				A277BA3F2631A13F00255019 /* LibrariesTests.swift */,
				A277BA412631A13F00255019 /* Info.plist */,
			);
			path = LibrariesTests;
			sourceTree = "<group>";
		};
		A277BA492631A13F00255019 /* LibrariesUITests */ = {
			isa = PBXGroup;
			children = (
				A277BA4A2631A13F00255019 /* LibrariesUITests.swift */,
				A277BA4C2631A13F00255019 /* Info.plist */,
			);
			path = LibrariesUITests;
			sourceTree = "<group>";
		};
		E5E211E7CFE4B63CBA2AC1CB /* Frameworks */ = {
			isa = PBXGroup;
			children = (
				3F060DF32D12B95D5B418202 /* Pods_Libraries.framework */,
				B7A24D6504ADCAE97059DB39 /* Pods_Libraries_LibrariesUITests.framework */,
				AACE27AFE178EF2237FA11B7 /* Pods_LibrariesTests.framework */,
			);
			name = Frameworks;
			sourceTree = "<group>";
		};
/* End PBXGroup section */

/* Begin PBXNativeTarget section */
		A277BA212631A13E00255019 /* Libraries */ = {
			isa = PBXNativeTarget;
			buildConfigurationList = A277BA4F2631A13F00255019 /* Build configuration list for PBXNativeTarget "Libraries" */;
			buildPhases = (
				E4AAD81D6369F8118089D943 /* [CP] Check Pods Manifest.lock */,
				A277BA1E2631A13E00255019 /* Sources */,
				A277BA1F2631A13E00255019 /* Frameworks */,
				A277BA202631A13E00255019 /* Resources */,
				812DB60C7B4B1BB29C7A176C /* [CP] Embed Pods Frameworks */,
			);
			buildRules = (
			);
			dependencies = (
			);
			name = Libraries;
			productName = Libraries;
			productReference = A277BA222631A13E00255019 /* Libraries.app */;
			productType = "com.apple.product-type.application";
		};
		A277BA3A2631A13F00255019 /* LibrariesTests */ = {
			isa = PBXNativeTarget;
			buildConfigurationList = A277BA522631A13F00255019 /* Build configuration list for PBXNativeTarget "LibrariesTests" */;
			buildPhases = (
				8265513ABAE7CFCF0845B022 /* [CP] Check Pods Manifest.lock */,
				A277BA372631A13F00255019 /* Sources */,
				A277BA382631A13F00255019 /* Frameworks */,
				A277BA392631A13F00255019 /* Resources */,
			);
			buildRules = (
			);
			dependencies = (
				A277BA3D2631A13F00255019 /* PBXTargetDependency */,
			);
			name = LibrariesTests;
			productName = LibrariesTests;
			productReference = A277BA3B2631A13F00255019 /* LibrariesTests.xctest */;
			productType = "com.apple.product-type.bundle.unit-test";
		};
		A277BA452631A13F00255019 /* LibrariesUITests */ = {
			isa = PBXNativeTarget;
			buildConfigurationList = A277BA552631A13F00255019 /* Build configuration list for PBXNativeTarget "LibrariesUITests" */;
			buildPhases = (
				89D56B4B585ABD26E75A898A /* [CP] Check Pods Manifest.lock */,
				A277BA422631A13F00255019 /* Sources */,
				A277BA432631A13F00255019 /* Frameworks */,
				A277BA442631A13F00255019 /* Resources */,
				2AACD44FB96DC9457AA2FB78 /* [CP] Embed Pods Frameworks */,
			);
			buildRules = (
			);
			dependencies = (
				A277BA482631A13F00255019 /* PBXTargetDependency */,
			);
			name = LibrariesUITests;
			productName = LibrariesUITests;
			productReference = A277BA462631A13F00255019 /* LibrariesUITests.xctest */;
			productType = "com.apple.product-type.bundle.ui-testing";
		};
/* End PBXNativeTarget section */

/* Begin PBXProject section */
		A277BA1A2631A13E00255019 /* Project object */ = {
			isa = PBXProject;
			attributes = {
				LastSwiftUpdateCheck = 1230;
				LastUpgradeCheck = 1230;
				TargetAttributes = {
					A277BA212631A13E00255019 = {
						CreatedOnToolsVersion = 12.3;
					};
					A277BA3A2631A13F00255019 = {
						CreatedOnToolsVersion = 12.3;
						TestTargetID = A277BA212631A13E00255019;
					};
					A277BA452631A13F00255019 = {
						CreatedOnToolsVersion = 12.3;
						TestTargetID = A277BA212631A13E00255019;
					};
				};
			};
			buildConfigurationList = A277BA1D2631A13E00255019 /* Build configuration list for PBXProject "Libraries" */;
			compatibilityVersion = "Xcode 9.3";
			developmentRegion = en;
			hasScannedForEncodings = 0;
			knownRegions = (
				en,
				Base,
			);
			mainGroup = A277BA192631A13E00255019;
			productRefGroup = A277BA232631A13E00255019 /* Products */;
			projectDirPath = "";
			projectRoot = "";
			targets = (
				A277BA212631A13E00255019 /* Libraries */,
				A277BA3A2631A13F00255019 /* LibrariesTests */,
				A277BA452631A13F00255019 /* LibrariesUITests */,
			);
		};
/* End PBXProject section */

/* Begin PBXResourcesBuildPhase section */
		A277BA202631A13E00255019 /* Resources */ = {
			isa = PBXResourcesBuildPhase;
			buildActionMask = 2147483647;
			files = (
				A277BA352631A13F00255019 /* LaunchScreen.storyboard in Resources */,
				A277BA322631A13F00255019 /* Assets.xcassets in Resources */,
				A277BA2D2631A13E00255019 /* Main.storyboard in Resources */,
			);
			runOnlyForDeploymentPostprocessing = 0;
		};
		A277BA392631A13F00255019 /* Resources */ = {
			isa = PBXResourcesBuildPhase;
			buildActionMask = 2147483647;
			files = (
			);
			runOnlyForDeploymentPostprocessing = 0;
		};
		A277BA442631A13F00255019 /* Resources */ = {
			isa = PBXResourcesBuildPhase;
			buildActionMask = 2147483647;
			files = (
			);
			runOnlyForDeploymentPostprocessing = 0;
		};
/* End PBXResourcesBuildPhase section */

/* Begin PBXShellScriptBuildPhase section */
		2AACD44FB96DC9457AA2FB78 /* [CP] Embed Pods Frameworks */ = {
			isa = PBXShellScriptBuildPhase;
			buildActionMask = 2147483647;
			files = (
			);
			inputFileListPaths = (
				"${PODS_ROOT}/Target Support Files/Pods-Libraries-LibrariesUITests/Pods-Libraries-LibrariesUITests-frameworks-${CONFIGURATION}-input-files.xcfilelist",
			);
			name = "[CP] Embed Pods Frameworks";
			outputFileListPaths = (
				"${PODS_ROOT}/Target Support Files/Pods-Libraries-LibrariesUITests/Pods-Libraries-LibrariesUITests-frameworks-${CONFIGURATION}-output-files.xcfilelist",
			);
			runOnlyForDeploymentPostprocessing = 0;
			shellPath = /bin/sh;
			shellScript = "\"${PODS_ROOT}/Target Support Files/Pods-Libraries-LibrariesUITests/Pods-Libraries-LibrariesUITests-frameworks.sh\"\n";
			showEnvVarsInLog = 0;
		};
		812DB60C7B4B1BB29C7A176C /* [CP] Embed Pods Frameworks */ = {
			isa = PBXShellScriptBuildPhase;
			buildActionMask = 2147483647;
			files = (
			);
			inputFileListPaths = (
				"${PODS_ROOT}/Target Support Files/Pods-Libraries/Pods-Libraries-frameworks-${CONFIGURATION}-input-files.xcfilelist",
			);
			name = "[CP] Embed Pods Frameworks";
			outputFileListPaths = (
				"${PODS_ROOT}/Target Support Files/Pods-Libraries/Pods-Libraries-frameworks-${CONFIGURATION}-output-files.xcfilelist",
			);
			runOnlyForDeploymentPostprocessing = 0;
			shellPath = /bin/sh;
			shellScript = "\"${PODS_ROOT}/Target Support Files/Pods-Libraries/Pods-Libraries-frameworks.sh\"\n";
			showEnvVarsInLog = 0;
		};
		8265513ABAE7CFCF0845B022 /* [CP] Check Pods Manifest.lock */ = {
			isa = PBXShellScriptBuildPhase;
			buildActionMask = 2147483647;
			files = (
			);
			inputFileListPaths = (
			);
			inputPaths = (
				"${PODS_PODFILE_DIR_PATH}/Podfile.lock",
				"${PODS_ROOT}/Manifest.lock",
			);
			name = "[CP] Check Pods Manifest.lock";
			outputFileListPaths = (
			);
			outputPaths = (
				"$(DERIVED_FILE_DIR)/Pods-LibrariesTests-checkManifestLockResult.txt",
			);
			runOnlyForDeploymentPostprocessing = 0;
			shellPath = /bin/sh;
			shellScript = "diff \"${PODS_PODFILE_DIR_PATH}/Podfile.lock\" \"${PODS_ROOT}/Manifest.lock\" > /dev/null\nif [ $? != 0 ] ; then\n    # print error to STDERR\n    echo \"error: The sandbox is not in sync with the Podfile.lock. Run 'pod install' or update your CocoaPods installation.\" >&2\n    exit 1\nfi\n# This output is used by Xcode 'outputs' to avoid re-running this script phase.\necho \"SUCCESS\" > \"${SCRIPT_OUTPUT_FILE_0}\"\n";
			showEnvVarsInLog = 0;
		};
		89D56B4B585ABD26E75A898A /* [CP] Check Pods Manifest.lock */ = {
			isa = PBXShellScriptBuildPhase;
			buildActionMask = 2147483647;
			files = (
			);
			inputFileListPaths = (
			);
			inputPaths = (
				"${PODS_PODFILE_DIR_PATH}/Podfile.lock",
				"${PODS_ROOT}/Manifest.lock",
			);
			name = "[CP] Check Pods Manifest.lock";
			outputFileListPaths = (
			);
			outputPaths = (
				"$(DERIVED_FILE_DIR)/Pods-Libraries-LibrariesUITests-checkManifestLockResult.txt",
			);
			runOnlyForDeploymentPostprocessing = 0;
			shellPath = /bin/sh;
			shellScript = "diff \"${PODS_PODFILE_DIR_PATH}/Podfile.lock\" \"${PODS_ROOT}/Manifest.lock\" > /dev/null\nif [ $? != 0 ] ; then\n    # print error to STDERR\n    echo \"error: The sandbox is not in sync with the Podfile.lock. Run 'pod install' or update your CocoaPods installation.\" >&2\n    exit 1\nfi\n# This output is used by Xcode 'outputs' to avoid re-running this script phase.\necho \"SUCCESS\" > \"${SCRIPT_OUTPUT_FILE_0}\"\n";
			showEnvVarsInLog = 0;
		};
		E4AAD81D6369F8118089D943 /* [CP] Check Pods Manifest.lock */ = {
			isa = PBXShellScriptBuildPhase;
			buildActionMask = 2147483647;
			files = (
			);
			inputFileListPaths = (
			);
			inputPaths = (
				"${PODS_PODFILE_DIR_PATH}/Podfile.lock",
				"${PODS_ROOT}/Manifest.lock",
			);
			name = "[CP] Check Pods Manifest.lock";
			outputFileListPaths = (
			);
			outputPaths = (
				"$(DERIVED_FILE_DIR)/Pods-Libraries-checkManifestLockResult.txt",
			);
			runOnlyForDeploymentPostprocessing = 0;
			shellPath = /bin/sh;
			shellScript = "diff \"${PODS_PODFILE_DIR_PATH}/Podfile.lock\" \"${PODS_ROOT}/Manifest.lock\" > /dev/null\nif [ $? != 0 ] ; then\n    # print error to STDERR\n    echo \"error: The sandbox is not in sync with the Podfile.lock. Run 'pod install' or update your CocoaPods installation.\" >&2\n    exit 1\nfi\n# This output is used by Xcode 'outputs' to avoid re-running this script phase.\necho \"SUCCESS\" > \"${SCRIPT_OUTPUT_FILE_0}\"\n";
			showEnvVarsInLog = 0;
		};
/* End PBXShellScriptBuildPhase section */

/* Begin PBXSourcesBuildPhase section */
		A277BA1E2631A13E00255019 /* Sources */ = {
			isa = PBXSourcesBuildPhase;
			buildActionMask = 2147483647;
			files = (
				A277BA2A2631A13E00255019 /* ViewController.swift in Sources */,
				A277BA262631A13E00255019 /* AppDelegate.swift in Sources */,
				A277BA282631A13E00255019 /* SceneDelegate.swift in Sources */,
				A277BA302631A13E00255019 /* Libraries.xcdatamodeld in Sources */,
			);
			runOnlyForDeploymentPostprocessing = 0;
		};
		A277BA372631A13F00255019 /* Sources */ = {
			isa = PBXSourcesBuildPhase;
			buildActionMask = 2147483647;
			files = (
				A277BA402631A13F00255019 /* LibrariesTests.swift in Sources */,
			);
			runOnlyForDeploymentPostprocessing = 0;
		};
		A277BA422631A13F00255019 /* Sources */ = {
			isa = PBXSourcesBuildPhase;
			buildActionMask = 2147483647;
			files = (
				A277BA4B2631A13F00255019 /* LibrariesUITests.swift in Sources */,
			);
			runOnlyForDeploymentPostprocessing = 0;
		};
/* End PBXSourcesBuildPhase section */

/* Begin PBXTargetDependency section */
		A277BA3D2631A13F00255019 /* PBXTargetDependency */ = {
			isa = PBXTargetDependency;
			target = A277BA212631A13E00255019 /* Libraries */;
			targetProxy = A277BA3C2631A13F00255019 /* PBXContainerItemProxy */;
		};
		A277BA482631A13F00255019 /* PBXTargetDependency */ = {
			isa = PBXTargetDependency;
			target = A277BA212631A13E00255019 /* Libraries */;
			targetProxy = A277BA472631A13F00255019 /* PBXContainerItemProxy */;
		};
/* End PBXTargetDependency section */

/* Begin PBXVariantGroup section */
		A277BA2B2631A13E00255019 /* Main.storyboard */ = {
			isa = PBXVariantGroup;
			children = (
				A277BA2C2631A13E00255019 /* Base */,
			);
			name = Main.storyboard;
			sourceTree = "<group>";
		};
		A277BA332631A13F00255019 /* LaunchScreen.storyboard */ = {
			isa = PBXVariantGroup;
			children = (
				A277BA342631A13F00255019 /* Base */,
			);
			name = LaunchScreen.storyboard;
			sourceTree = "<group>";
		};
/* End PBXVariantGroup section */

/* Begin XCBuildConfiguration section */
		A277BA4D2631A13F00255019 /* Debug */ = {
			isa = XCBuildConfiguration;
			buildSettings = {
				ALWAYS_SEARCH_USER_PATHS = NO;
				CLANG_ANALYZER_NONNULL = YES;
				CLANG_ANALYZER_NUMBER_OBJECT_CONVERSION = YES_AGGRESSIVE;
				CLANG_CXX_LANGUAGE_STANDARD = "gnu++14";
				CLANG_CXX_LIBRARY = "libc++";
				CLANG_ENABLE_MODULES = YES;
				CLANG_ENABLE_OBJC_ARC = YES;
				CLANG_ENABLE_OBJC_WEAK = YES;
				CLANG_WARN_BLOCK_CAPTURE_AUTORELEASING = YES;
				CLANG_WARN_BOOL_CONVERSION = YES;
				CLANG_WARN_COMMA = YES;
				CLANG_WARN_CONSTANT_CONVERSION = YES;
				CLANG_WARN_DEPRECATED_OBJC_IMPLEMENTATIONS = YES;
				CLANG_WARN_DIRECT_OBJC_ISA_USAGE = YES_ERROR;
				CLANG_WARN_DOCUMENTATION_COMMENTS = YES;
				CLANG_WARN_EMPTY_BODY = YES;
				CLANG_WARN_ENUM_CONVERSION = YES;
				CLANG_WARN_INFINITE_RECURSION = YES;
				CLANG_WARN_INT_CONVERSION = YES;
				CLANG_WARN_NON_LITERAL_NULL_CONVERSION = YES;
				CLANG_WARN_OBJC_IMPLICIT_RETAIN_SELF = YES;
				CLANG_WARN_OBJC_LITERAL_CONVERSION = YES;
				CLANG_WARN_OBJC_ROOT_CLASS = YES_ERROR;
				CLANG_WARN_QUOTED_INCLUDE_IN_FRAMEWORK_HEADER = YES;
				CLANG_WARN_RANGE_LOOP_ANALYSIS = YES;
				CLANG_WARN_STRICT_PROTOTYPES = YES;
				CLANG_WARN_SUSPICIOUS_MOVE = YES;
				CLANG_WARN_UNGUARDED_AVAILABILITY = YES_AGGRESSIVE;
				CLANG_WARN_UNREACHABLE_CODE = YES;
				CLANG_WARN__DUPLICATE_METHOD_MATCH = YES;
				COPY_PHASE_STRIP = NO;
				DEBUG_INFORMATION_FORMAT = dwarf;
				ENABLE_STRICT_OBJC_MSGSEND = YES;
				ENABLE_TESTABILITY = YES;
				GCC_C_LANGUAGE_STANDARD = gnu11;
				GCC_DYNAMIC_NO_PIC = NO;
				GCC_NO_COMMON_BLOCKS = YES;
				GCC_OPTIMIZATION_LEVEL = 0;
				GCC_PREPROCESSOR_DEFINITIONS = (
					"DEBUG=1",
					"$(inherited)",
				);
				GCC_WARN_64_TO_32_BIT_CONVERSION = YES;
				GCC_WARN_ABOUT_RETURN_TYPE = YES_ERROR;
				GCC_WARN_UNDECLARED_SELECTOR = YES;
				GCC_WARN_UNINITIALIZED_AUTOS = YES_AGGRESSIVE;
				GCC_WARN_UNUSED_FUNCTION = YES;
				GCC_WARN_UNUSED_VARIABLE = YES;
				IPHONEOS_DEPLOYMENT_TARGET = 14.3;
				MTL_ENABLE_DEBUG_INFO = INCLUDE_SOURCE;
				MTL_FAST_MATH = YES;
				ONLY_ACTIVE_ARCH = YES;
				SDKROOT = iphoneos;
				SWIFT_ACTIVE_COMPILATION_CONDITIONS = DEBUG;
				SWIFT_OPTIMIZATION_LEVEL = "-Onone";
				SWIFT_VERSION = 4.2;
			};
			name = Debug;
		};
		A277BA4E2631A13F00255019 /* Release */ = {
			isa = XCBuildConfiguration;
			buildSettings = {
				ALWAYS_SEARCH_USER_PATHS = NO;
				CLANG_ANALYZER_NONNULL = YES;
				CLANG_ANALYZER_NUMBER_OBJECT_CONVERSION = YES_AGGRESSIVE;
				CLANG_CXX_LANGUAGE_STANDARD = "gnu++14";
				CLANG_CXX_LIBRARY = "libc++";
				CLANG_ENABLE_MODULES = YES;
				CLANG_ENABLE_OBJC_ARC = YES;
				CLANG_ENABLE_OBJC_WEAK = YES;
				CLANG_WARN_BLOCK_CAPTURE_AUTORELEASING = YES;
				CLANG_WARN_BOOL_CONVERSION = YES;
				CLANG_WARN_COMMA = YES;
				CLANG_WARN_CONSTANT_CONVERSION = YES;
				CLANG_WARN_DEPRECATED_OBJC_IMPLEMENTATIONS = YES;
				CLANG_WARN_DIRECT_OBJC_ISA_USAGE = YES_ERROR;
				CLANG_WARN_DOCUMENTATION_COMMENTS = YES;
				CLANG_WARN_EMPTY_BODY = YES;
				CLANG_WARN_ENUM_CONVERSION = YES;
				CLANG_WARN_INFINITE_RECURSION = YES;
				CLANG_WARN_INT_CONVERSION = YES;
				CLANG_WARN_NON_LITERAL_NULL_CONVERSION = YES;
				CLANG_WARN_OBJC_IMPLICIT_RETAIN_SELF = YES;
				CLANG_WARN_OBJC_LITERAL_CONVERSION = YES;
				CLANG_WARN_OBJC_ROOT_CLASS = YES_ERROR;
				CLANG_WARN_QUOTED_INCLUDE_IN_FRAMEWORK_HEADER = YES;
				CLANG_WARN_RANGE_LOOP_ANALYSIS = YES;
				CLANG_WARN_STRICT_PROTOTYPES = YES;
				CLANG_WARN_SUSPICIOUS_MOVE = YES;
				CLANG_WARN_UNGUARDED_AVAILABILITY = YES_AGGRESSIVE;
				CLANG_WARN_UNREACHABLE_CODE = YES;
				CLANG_WARN__DUPLICATE_METHOD_MATCH = YES;
				COPY_PHASE_STRIP = NO;
				DEBUG_INFORMATION_FORMAT = "dwarf-with-dsym";
				ENABLE_NS_ASSERTIONS = NO;
				ENABLE_STRICT_OBJC_MSGSEND = YES;
				GCC_C_LANGUAGE_STANDARD = gnu11;
				GCC_NO_COMMON_BLOCKS = YES;
				GCC_WARN_64_TO_32_BIT_CONVERSION = YES;
				GCC_WARN_ABOUT_RETURN_TYPE = YES_ERROR;
				GCC_WARN_UNDECLARED_SELECTOR = YES;
				GCC_WARN_UNINITIALIZED_AUTOS = YES_AGGRESSIVE;
				GCC_WARN_UNUSED_FUNCTION = YES;
				GCC_WARN_UNUSED_VARIABLE = YES;
				IPHONEOS_DEPLOYMENT_TARGET = 14.3;
				MTL_ENABLE_DEBUG_INFO = NO;
				MTL_FAST_MATH = YES;
				SDKROOT = iphoneos;
				SWIFT_COMPILATION_MODE = wholemodule;
				SWIFT_OPTIMIZATION_LEVEL = "-O";
				SWIFT_VERSION = 4.2;
				VALIDATE_PRODUCT = YES;
			};
			name = Release;
		};
		A277BA502631A13F00255019 /* Debug */ = {
			isa = XCBuildConfiguration;
			baseConfigurationReference = 226089D67669D1033C8D8998 /* Pods-Libraries.debug.xcconfig */;
			buildSettings = {
				ASSETCATALOG_COMPILER_APPICON_NAME = AppIcon;
				ASSETCATALOG_COMPILER_GLOBAL_ACCENT_COLOR_NAME = AccentColor;
				CODE_SIGN_STYLE = Automatic;
				INFOPLIST_FILE = Libraries/Info.plist;
				LD_RUNPATH_SEARCH_PATHS = (
					"$(inherited)",
					"@executable_path/Frameworks",
				);
				PRODUCT_BUNDLE_IDENTIFIER = com.wsr.Libraries;
				PRODUCT_NAME = "$(TARGET_NAME)";
				SWIFT_VERSION = 4.2;
				TARGETED_DEVICE_FAMILY = "1,2";
			};
			name = Debug;
		};
		A277BA512631A13F00255019 /* Release */ = {
			isa = XCBuildConfiguration;
			baseConfigurationReference = 5016AF799F56597E91EEE478 /* Pods-Libraries.release.xcconfig */;
			buildSettings = {
				ASSETCATALOG_COMPILER_APPICON_NAME = AppIcon;
				ASSETCATALOG_COMPILER_GLOBAL_ACCENT_COLOR_NAME = AccentColor;
				CODE_SIGN_STYLE = Automatic;
				INFOPLIST_FILE = Libraries/Info.plist;
				LD_RUNPATH_SEARCH_PATHS = (
					"$(inherited)",
					"@executable_path/Frameworks",
				);
				PRODUCT_BUNDLE_IDENTIFIER = com.wsr.Libraries;
				PRODUCT_NAME = "$(TARGET_NAME)";
				SWIFT_VERSION = 4.2;
				TARGETED_DEVICE_FAMILY = "1,2";
			};
			name = Release;
		};
		A277BA532631A13F00255019 /* Debug */ = {
			isa = XCBuildConfiguration;
			baseConfigurationReference = 8F6ADFCB5F14A7F3E9BA9480 /* Pods-LibrariesTests.debug.xcconfig */;
			buildSettings = {
				ALWAYS_EMBED_SWIFT_STANDARD_LIBRARIES = YES;
				BUNDLE_LOADER = "$(TEST_HOST)";
				CODE_SIGN_STYLE = Automatic;
				INFOPLIST_FILE = LibrariesTests/Info.plist;
				IPHONEOS_DEPLOYMENT_TARGET = 14.3;
				LD_RUNPATH_SEARCH_PATHS = (
					"$(inherited)",
					"@executable_path/Frameworks",
					"@loader_path/Frameworks",
				);
				PRODUCT_BUNDLE_IDENTIFIER = com.wsr.LibrariesTests;
				PRODUCT_NAME = "$(TARGET_NAME)";
				SWIFT_VERSION = 4.2;
				TARGETED_DEVICE_FAMILY = "1,2";
				TEST_HOST = "$(BUILT_PRODUCTS_DIR)/Libraries.app/Libraries";
			};
			name = Debug;
		};
		A277BA542631A13F00255019 /* Release */ = {
			isa = XCBuildConfiguration;
			baseConfigurationReference = 4DCFAA936ECEB41C2E07F8F1 /* Pods-LibrariesTests.release.xcconfig */;
			buildSettings = {
				ALWAYS_EMBED_SWIFT_STANDARD_LIBRARIES = YES;
				BUNDLE_LOADER = "$(TEST_HOST)";
				CODE_SIGN_STYLE = Automatic;
				INFOPLIST_FILE = LibrariesTests/Info.plist;
				IPHONEOS_DEPLOYMENT_TARGET = 14.3;
				LD_RUNPATH_SEARCH_PATHS = (
					"$(inherited)",
					"@executable_path/Frameworks",
					"@loader_path/Frameworks",
				);
				PRODUCT_BUNDLE_IDENTIFIER = com.wsr.LibrariesTests;
				PRODUCT_NAME = "$(TARGET_NAME)";
				SWIFT_VERSION = 4.2;
				TARGETED_DEVICE_FAMILY = "1,2";
				TEST_HOST = "$(BUILT_PRODUCTS_DIR)/Libraries.app/Libraries";
			};
			name = Release;
		};
		A277BA562631A13F00255019 /* Debug */ = {
			isa = XCBuildConfiguration;
			baseConfigurationReference = 628F387FC745FF093BE95E51 /* Pods-Libraries-LibrariesUITests.debug.xcconfig */;
			buildSettings = {
				ALWAYS_EMBED_SWIFT_STANDARD_LIBRARIES = YES;
				CODE_SIGN_STYLE = Automatic;
				INFOPLIST_FILE = LibrariesUITests/Info.plist;
				LD_RUNPATH_SEARCH_PATHS = (
					"$(inherited)",
					"@executable_path/Frameworks",
					"@loader_path/Frameworks",
				);
				PRODUCT_BUNDLE_IDENTIFIER = com.wsr.LibrariesUITests;
				PRODUCT_NAME = "$(TARGET_NAME)";
				SWIFT_VERSION = 4.2;
				TARGETED_DEVICE_FAMILY = "1,2";
				TEST_TARGET_NAME = Libraries;
			};
			name = Debug;
		};
		A277BA572631A13F00255019 /* Release */ = {
			isa = XCBuildConfiguration;
			baseConfigurationReference = 1135B33BFDB4E635C6AACC46 /* Pods-Libraries-LibrariesUITests.release.xcconfig */;
			buildSettings = {
				ALWAYS_EMBED_SWIFT_STANDARD_LIBRARIES = YES;
				CODE_SIGN_STYLE = Automatic;
				INFOPLIST_FILE = LibrariesUITests/Info.plist;
				LD_RUNPATH_SEARCH_PATHS = (
					"$(inherited)",
					"@executable_path/Frameworks",
					"@loader_path/Frameworks",
				);
				PRODUCT_BUNDLE_IDENTIFIER = com.wsr.LibrariesUITests;
				PRODUCT_NAME = "$(TARGET_NAME)";
				SWIFT_VERSION = 4.2;
				TARGETED_DEVICE_FAMILY = "1,2";
				TEST_TARGET_NAME = Libraries;
			};
			name = Release;
		};
/* End XCBuildConfiguration section */

/* Begin XCConfigurationList section */
		A277BA1D2631A13E00255019 /* Build configuration list for PBXProject "Libraries" */ = {
			isa = XCConfigurationList;
			buildConfigurations = (
				A277BA4D2631A13F00255019 /* Debug */,
				A277BA4E2631A13F00255019 /* Release */,
			);
			defaultConfigurationIsVisible = 0;
			defaultConfigurationName = Release;
		};
		A277BA4F2631A13F00255019 /* Build configuration list for PBXNativeTarget "Libraries" */ = {
			isa = XCConfigurationList;
			buildConfigurations = (
				A277BA502631A13F00255019 /* Debug */,
				A277BA512631A13F00255019 /* Release */,
			);
			defaultConfigurationIsVisible = 0;
			defaultConfigurationName = Release;
		};
		A277BA522631A13F00255019 /* Build configuration list for PBXNativeTarget "LibrariesTests" */ = {
			isa = XCConfigurationList;
			buildConfigurations = (
				A277BA532631A13F00255019 /* Debug */,
				A277BA542631A13F00255019 /* Release */,
			);
			defaultConfigurationIsVisible = 0;
			defaultConfigurationName = Release;
		};
		A277BA552631A13F00255019 /* Build configuration list for PBXNativeTarget "LibrariesUITests" */ = {
			isa = XCConfigurationList;
			buildConfigurations = (
				A277BA562631A13F00255019 /* Debug */,
				A277BA572631A13F00255019 /* Release */,
			);
			defaultConfigurationIsVisible = 0;
			defaultConfigurationName = Release;
		};
/* End XCConfigurationList section */

/* Begin XCVersionGroup section */
		A277BA2E2631A13E00255019 /* Libraries.xcdatamodeld */ = {
			isa = XCVersionGroup;
			children = (
				A277BA2F2631A13E00255019 /* Libraries.xcdatamodel */,
			);
			currentVersion = A277BA2F2631A13E00255019 /* Libraries.xcdatamodel */;
			path = Libraries.xcdatamodeld;
			sourceTree = "<group>";
			versionGroupType = wrapper.xcdatamodel;
		};
/* End XCVersionGroup section */
	};
	rootObject = A277BA1A2631A13E00255019 /* Project object */;
}
